
Microsoft Visual Studio Solution File, Format Version 12.00
# Visual Studio 2012
Project("{FAE04EC0-301F-11D3-BF4B-00C04F79EFBC}") = "MotorRevoluteJoint2DSample", "MotorRevoluteJoint2DSample\MotorRevoluteJoint2DSample\MotorRevoluteJoint2DSample.csproj", "{CE4F122A-E6E3-4E63-80AF-9C8B8CAF2257}"
EndProject
Project("{FAE04EC0-301F-11D3-BF4B-00C04F79EFBC}") = "MotorRevoluteJoint2DSampleProject", "MotorRevoluteJoint2DSample\MotorRevoluteJoint2DSampleProject\MotorRevoluteJoint2DSampleProject.csproj", "{A48D0CDD-AACF-49E7-845A-B21F473830B9}"
EndProject
Global
	
	GlobalSection(SolutionConfigurationPlatforms) = preSolution
		Debug|x86 = Debug|x86
		Release|x86 = Release|x86
	EndGlobalSection
	GlobalSection(ProjectConfigurationPlatforms) = postSolution
		{CE4F122A-E6E3-4E63-80AF-9C8B8CAF2257}.Debug|x86.ActiveCfg = Debug|x86
		{CE4F122A-E6E3-4E63-80AF-9C8B8CAF2257}.Debug|x86.Build.0 = Debug|x86
		{CE4F122A-E6E3-4E63-80AF-9C8B8CAF2257}.Release|x86.ActiveCfg = Release|x86
		{CE4F122A-E6E3-4E63-80AF-9C8B8CAF2257}.Release|x86.Build.0 = Release|x86
		{A48D0CDD-AACF-49E7-845A-B21F473830B9}.Debug|x86.ActiveCfg = Debug|x86
		{A48D0CDD-AACF-49E7-845A-B21F473830B9}.Debug|x86.Build.0 = Debug|x86
		{A48D0CDD-AACF-49E7-845A-B21F473830B9}.Release|x86.ActiveCfg = Release|x86
	EndGlobalSection
	GlobalSection(SolutionProperties) = preSolution
		HideSolutionNode = FALSE
	EndGlobalSection
EndGlobal
