Microsoft Visual Studio Solution File, Format Version 12.00
# Visual Studio 2012
Project("{FAE04EC0-301F-11D3-BF4B-00C04F79EFBC}") = "Touch", "Touch\Touch\Touch.csproj", "{89354C0E-058B-409B-8817-A65501C308B1}"
EndProject
Project("{FAE04EC0-301F-11D3-BF4B-00C04F79EFBC}") = "TouchProject", "Touch\TouchProject\TouchProject.csproj", "{9A1483A6-26E9-4846-BEEE-BFF5FC778BC4}"
EndProject
Global
	
	GlobalSection(SolutionConfigurationPlatforms) = preSolution
		Debug|Any CPU = Debug|Any CPU
		Debug|Mixed Platforms = Debug|Mixed Platforms
		Debug|x86 = Debug|x86
		Release|Any CPU = Release|Any CPU
		Release|Mixed Platforms = Release|Mixed Platforms
		Release|x86 = Release|x86
	EndGlobalSection
	GlobalSection(ProjectConfigurationPlatforms) = postSolution
		{89354C0E-058B-409B-8817-A65501C308B1}.Debug|Any CPU.ActiveCfg = Debug|x86
		{89354C0E-058B-409B-8817-A65501C308B1}.Debug|Mixed Platforms.ActiveCfg = Debug|x86
		{89354C0E-058B-409B-8817-A65501C308B1}.Debug|Mixed Platforms.Build.0 = Debug|x86
		{89354C0E-058B-409B-8817-A65501C308B1}.Debug|x86.ActiveCfg = Debug|x86
		{89354C0E-058B-409B-8817-A65501C308B1}.Debug|x86.Build.0 = Debug|x86
		{89354C0E-058B-409B-8817-A65501C308B1}.Release|Any CPU.ActiveCfg = Release|x86
		{89354C0E-058B-409B-8817-A65501C308B1}.Release|Mixed Platforms.ActiveCfg = Release|x86
		{89354C0E-058B-409B-8817-A65501C308B1}.Release|Mixed Platforms.Build.0 = Release|x86
		{89354C0E-058B-409B-8817-A65501C308B1}.Release|x86.ActiveCfg = Release|x86
		{89354C0E-058B-409B-8817-A65501C308B1}.Release|x86.Build.0 = Release|x86
		{9A1483A6-26E9-4846-BEEE-BFF5FC778BC4}.Debug|Any CPU.ActiveCfg = Debug|x86
		{9A1483A6-26E9-4846-BEEE-BFF5FC778BC4}.Debug|Mixed Platforms.ActiveCfg = Debug|x86
		{9A1483A6-26E9-4846-BEEE-BFF5FC778BC4}.Debug|Mixed Platforms.Build.0 = Debug|x86
		{9A1483A6-26E9-4846-BEEE-BFF5FC778BC4}.Debug|x86.ActiveCfg = Debug|x86
		{9A1483A6-26E9-4846-BEEE-BFF5FC778BC4}.Debug|x86.Build.0 = Debug|x86
		{9A1483A6-26E9-4846-BEEE-BFF5FC778BC4}.Release|Any CPU.ActiveCfg = Release|x86
		{9A1483A6-26E9-4846-BEEE-BFF5FC778BC4}.Release|Mixed Platforms.ActiveCfg = Release|x86
		{9A1483A6-26E9-4846-BEEE-BFF5FC778BC4}.Release|Mixed Platforms.Build.0 = Release|x86
		{9A1483A6-26E9-4846-BEEE-BFF5FC778BC4}.Release|x86.ActiveCfg = Release|x86
		{9A1483A6-26E9-4846-BEEE-BFF5FC778BC4}.Release|x86.Build.0 = Release|x86
	EndGlobalSection
	GlobalSection(SolutionProperties) = preSolution
		HideSolutionNode = FALSE
	EndGlobalSection
EndGlobal
