
Microsoft Visual Studio Solution File, Format Version 12.00
# Visual Studio 2012
Project("{FAE04EC0-301F-11D3-BF4B-00C04F79EFBC}") = "Accelerometer", "Accelerometer\Accelerometer\Accelerometer.csproj", "{3A116FD1-41FB-4390-94B6-A3878E989086}"
EndProject
Project("{FAE04EC0-301F-11D3-BF4B-00C04F79EFBC}") = "AccelerometerProject", "Accelerometer\AccelerometerProject\AccelerometerProject.csproj", "{76FB1C04-3EF2-4502-BCD0-116000AF41E6}"
EndProject
Global
	
	GlobalSection(SolutionConfigurationPlatforms) = preSolution
		Debug|Any CPU = Debug|Any CPU
		Debug|Mixed Platforms = Debug|Mixed Platforms
		Debug|x86 = Debug|x86
		Release|Any CPU = Release|Any CPU
		Release|Mixed Platforms = Release|Mixed Platforms
		Release|x86 = Release|x86
	EndGlobalSection
	GlobalSection(ProjectConfigurationPlatforms) = postSolution
		{3A116FD1-41FB-4390-94B6-A3878E989086}.Debug|Any CPU.ActiveCfg = Debug|x86
		{3A116FD1-41FB-4390-94B6-A3878E989086}.Debug|Mixed Platforms.ActiveCfg = Debug|x86
		{3A116FD1-41FB-4390-94B6-A3878E989086}.Debug|Mixed Platforms.Build.0 = Debug|x86
		{3A116FD1-41FB-4390-94B6-A3878E989086}.Debug|x86.ActiveCfg = Debug|x86
		{3A116FD1-41FB-4390-94B6-A3878E989086}.Debug|x86.Build.0 = Debug|x86
		{3A116FD1-41FB-4390-94B6-A3878E989086}.Release|Any CPU.ActiveCfg = Release|x86
		{3A116FD1-41FB-4390-94B6-A3878E989086}.Release|Mixed Platforms.ActiveCfg = Release|x86
		{3A116FD1-41FB-4390-94B6-A3878E989086}.Release|Mixed Platforms.Build.0 = Release|x86
		{3A116FD1-41FB-4390-94B6-A3878E989086}.Release|x86.ActiveCfg = Release|x86
		{3A116FD1-41FB-4390-94B6-A3878E989086}.Release|x86.Build.0 = Release|x86
		{76FB1C04-3EF2-4502-BCD0-116000AF41E6}.Debug|Any CPU.ActiveCfg = Debug|x86
		{76FB1C04-3EF2-4502-BCD0-116000AF41E6}.Debug|Mixed Platforms.ActiveCfg = Debug|x86
		{76FB1C04-3EF2-4502-BCD0-116000AF41E6}.Debug|Mixed Platforms.Build.0 = Debug|x86
		{76FB1C04-3EF2-4502-BCD0-116000AF41E6}.Debug|x86.ActiveCfg = Debug|x86
		{76FB1C04-3EF2-4502-BCD0-116000AF41E6}.Debug|x86.Build.0 = Debug|x86
		{76FB1C04-3EF2-4502-BCD0-116000AF41E6}.Release|Any CPU.ActiveCfg = Release|x86
		{76FB1C04-3EF2-4502-BCD0-116000AF41E6}.Release|Mixed Platforms.ActiveCfg = Release|x86
		{76FB1C04-3EF2-4502-BCD0-116000AF41E6}.Release|Mixed Platforms.Build.0 = Release|x86
		{76FB1C04-3EF2-4502-BCD0-116000AF41E6}.Release|x86.ActiveCfg = Release|x86
		{76FB1C04-3EF2-4502-BCD0-116000AF41E6}.Release|x86.Build.0 = Release|x86
	EndGlobalSection
	GlobalSection(SolutionProperties) = preSolution
		HideSolutionNode = FALSE
	EndGlobalSection
EndGlobal
