
Microsoft Visual Studio Solution File, Format Version 11.00
# Visual Studio 2010
Project("{D954291E-2A0B-460D-934E-DC6B0785DB48}") = "RenderTargetSource", "SharedSource\Main\RenderTargetSource.shproj", "{846D34C8-E537-4DC7-B646-CFF649CE42E4}"
EndProject
Project("{FAE04EC0-301F-11D3-BF4B-00C04F79EFBC}") = "RenderTarget", "Launchers\MacOS\RenderTarget.csproj", "{24B87C78-E012-4BAD-9616-43F9BD6F6532}"
EndProject
Global
	GlobalSection(SolutionConfigurationPlatforms) = preSolution
		Debug|x86 = Debug|x86
		Release|x86 = Release|x86
		AppStore|x86 = AppStore|x86
	EndGlobalSection
	GlobalSection(ProjectConfigurationPlatforms) = postSolution
		{24B87C78-E012-4BAD-9616-43F9BD6F6532}.AppStore|x86.ActiveCfg = AppStore|x86
		{24B87C78-E012-4BAD-9616-43F9BD6F6532}.AppStore|x86.Build.0 = AppStore|x86
		{24B87C78-E012-4BAD-9616-43F9BD6F6532}.Debug|x86.ActiveCfg = Debug|x86
		{24B87C78-E012-4BAD-9616-43F9BD6F6532}.Debug|x86.Build.0 = Debug|x86
		{24B87C78-E012-4BAD-9616-43F9BD6F6532}.Release|x86.ActiveCfg = Release|x86
		{24B87C78-E012-4BAD-9616-43F9BD6F6532}.Release|x86.Build.0 = Release|x86
	EndGlobalSection
	GlobalSection(SolutionProperties) = preSolution
		HideSolutionNode = FALSE
	EndGlobalSection
	GlobalSection(SpecExplorer.ActivityCompletionStatus) = preSolution
		SpecExplorer.ActivityCompletionStatus = 
	EndGlobalSection
EndGlobal
