
Microsoft Visual Studio Solution File, Format Version 12.00
# Visual Studio 2013
VisualStudioVersion = 12.0.21005.1
MinimumVisualStudioVersion = 10.0.40219.1
Project("{FAE04EC0-301F-11D3-BF4B-00C04F79EFBC}") = "CubeTestProject", "CubeTestProject\CubeTestProject.csproj", "{1DBE4662-3F10-4229-8663-ED3D770262B8}"
EndProject
Project("{FAE04EC0-301F-11D3-BF4B-00C04F79EFBC}") = "WaveGTK", "WaveGTK\WaveGTK.csproj", "{FE013552-949C-4A2E-A59F-92117BB65318}"
EndProject
Project("{FAE04EC0-301F-11D3-BF4B-00C04F79EFBC}") = "WaveForm", "WaveForm\WaveForm.csproj", "{A7244EB4-1041-481E-BF53-533BFEFDD1B3}"
EndProject
Global
	GlobalSection(SolutionConfigurationPlatforms) = preSolution
		Debug|Any CPU = Debug|Any CPU
		Debug|Mixed Platforms = Debug|Mixed Platforms
		Debug|x86 = Debug|x86
		Release|Any CPU = Release|Any CPU
		Release|Mixed Platforms = Release|Mixed Platforms
		Release|x86 = Release|x86
	EndGlobalSection
	GlobalSection(ProjectConfigurationPlatforms) = postSolution
		{1DBE4662-3F10-4229-8663-ED3D770262B8}.Debug|Any CPU.ActiveCfg = Debug|x86
		{1DBE4662-3F10-4229-8663-ED3D770262B8}.Debug|Mixed Platforms.ActiveCfg = Debug|x86
		{1DBE4662-3F10-4229-8663-ED3D770262B8}.Debug|Mixed Platforms.Build.0 = Debug|x86
		{1DBE4662-3F10-4229-8663-ED3D770262B8}.Debug|x86.ActiveCfg = Debug|x86
		{1DBE4662-3F10-4229-8663-ED3D770262B8}.Debug|x86.Build.0 = Debug|x86
		{1DBE4662-3F10-4229-8663-ED3D770262B8}.Release|Any CPU.ActiveCfg = Release|x86
		{1DBE4662-3F10-4229-8663-ED3D770262B8}.Release|Mixed Platforms.ActiveCfg = Release|x86
		{1DBE4662-3F10-4229-8663-ED3D770262B8}.Release|Mixed Platforms.Build.0 = Release|x86
		{1DBE4662-3F10-4229-8663-ED3D770262B8}.Release|x86.ActiveCfg = Release|x86
		{1DBE4662-3F10-4229-8663-ED3D770262B8}.Release|x86.Build.0 = Release|x86
		{FE013552-949C-4A2E-A59F-92117BB65318}.Debug|Any CPU.ActiveCfg = Debug|x86
		{FE013552-949C-4A2E-A59F-92117BB65318}.Debug|Mixed Platforms.ActiveCfg = Debug|x86
		{FE013552-949C-4A2E-A59F-92117BB65318}.Debug|Mixed Platforms.Build.0 = Debug|x86
		{FE013552-949C-4A2E-A59F-92117BB65318}.Debug|x86.ActiveCfg = Debug|x86
		{FE013552-949C-4A2E-A59F-92117BB65318}.Debug|x86.Build.0 = Debug|x86
		{FE013552-949C-4A2E-A59F-92117BB65318}.Release|Any CPU.ActiveCfg = Release|x86
		{FE013552-949C-4A2E-A59F-92117BB65318}.Release|Mixed Platforms.ActiveCfg = Release|x86
		{FE013552-949C-4A2E-A59F-92117BB65318}.Release|Mixed Platforms.Build.0 = Release|x86
		{FE013552-949C-4A2E-A59F-92117BB65318}.Release|x86.ActiveCfg = Release|x86
		{FE013552-949C-4A2E-A59F-92117BB65318}.Release|x86.Build.0 = Release|x86
		{A7244EB4-1041-481E-BF53-533BFEFDD1B3}.Debug|Any CPU.ActiveCfg = Debug|Any CPU
		{A7244EB4-1041-481E-BF53-533BFEFDD1B3}.Debug|Any CPU.Build.0 = Debug|Any CPU
		{A7244EB4-1041-481E-BF53-533BFEFDD1B3}.Debug|Mixed Platforms.ActiveCfg = Debug|Any CPU
		{A7244EB4-1041-481E-BF53-533BFEFDD1B3}.Debug|Mixed Platforms.Build.0 = Debug|Any CPU
		{A7244EB4-1041-481E-BF53-533BFEFDD1B3}.Debug|x86.ActiveCfg = Debug|Any CPU
		{A7244EB4-1041-481E-BF53-533BFEFDD1B3}.Release|Any CPU.ActiveCfg = Release|Any CPU
		{A7244EB4-1041-481E-BF53-533BFEFDD1B3}.Release|Any CPU.Build.0 = Release|Any CPU
		{A7244EB4-1041-481E-BF53-533BFEFDD1B3}.Release|Mixed Platforms.ActiveCfg = Release|Any CPU
		{A7244EB4-1041-481E-BF53-533BFEFDD1B3}.Release|Mixed Platforms.Build.0 = Release|Any CPU
		{A7244EB4-1041-481E-BF53-533BFEFDD1B3}.Release|x86.ActiveCfg = Release|Any CPU
	EndGlobalSection
	GlobalSection(SolutionProperties) = preSolution
		HideSolutionNode = FALSE
	EndGlobalSection
	GlobalSection(MonoDevelopProperties) = preSolution
		StartupItem = SharpDXIntegration\SharpDXIntegration.csproj
	EndGlobalSection
EndGlobal
