
Microsoft Visual Studio Solution File, Format Version 12.00
# Visual Studio 2012
Project("{FAE04EC0-301F-11D3-BF4B-00C04F79EFBC}") = "DebugShapes", "DebugShapes\DebugShapes\DebugShapes.csproj", "{6BEBF1ED-75BF-40C4-A08C-1D768BDBC917}"
EndProject
Project("{FAE04EC0-301F-11D3-BF4B-00C04F79EFBC}") = "DebugShapesProject", "DebugShapes\DebugShapesProject\DebugShapesProject.csproj", "{C709781C-169A-45F3-A665-7AF7A9286795}"
EndProject
Global
	
	GlobalSection(SolutionConfigurationPlatforms) = preSolution
		Debug|Any CPU = Debug|Any CPU
		Debug|Mixed Platforms = Debug|Mixed Platforms
		Debug|x86 = Debug|x86
		Release|Any CPU = Release|Any CPU
		Release|Mixed Platforms = Release|Mixed Platforms
		Release|x86 = Release|x86
	EndGlobalSection
	GlobalSection(ProjectConfigurationPlatforms) = postSolution
		{6BEBF1ED-75BF-40C4-A08C-1D768BDBC917}.Debug|Any CPU.ActiveCfg = Debug|x86
		{6BEBF1ED-75BF-40C4-A08C-1D768BDBC917}.Debug|Mixed Platforms.ActiveCfg = Debug|x86
		{6BEBF1ED-75BF-40C4-A08C-1D768BDBC917}.Debug|Mixed Platforms.Build.0 = Debug|x86
		{6BEBF1ED-75BF-40C4-A08C-1D768BDBC917}.Debug|x86.ActiveCfg = Debug|x86
		{6BEBF1ED-75BF-40C4-A08C-1D768BDBC917}.Debug|x86.Build.0 = Debug|x86
		{6BEBF1ED-75BF-40C4-A08C-1D768BDBC917}.Release|Any CPU.ActiveCfg = Release|x86
		{6BEBF1ED-75BF-40C4-A08C-1D768BDBC917}.Release|Mixed Platforms.ActiveCfg = Release|x86
		{6BEBF1ED-75BF-40C4-A08C-1D768BDBC917}.Release|Mixed Platforms.Build.0 = Release|x86
		{6BEBF1ED-75BF-40C4-A08C-1D768BDBC917}.Release|x86.ActiveCfg = Release|x86
		{6BEBF1ED-75BF-40C4-A08C-1D768BDBC917}.Release|x86.Build.0 = Release|x86
		{C709781C-169A-45F3-A665-7AF7A9286795}.Debug|Any CPU.ActiveCfg = Debug|x86
		{C709781C-169A-45F3-A665-7AF7A9286795}.Debug|Mixed Platforms.ActiveCfg = Debug|x86
		{C709781C-169A-45F3-A665-7AF7A9286795}.Debug|Mixed Platforms.Build.0 = Debug|x86
		{C709781C-169A-45F3-A665-7AF7A9286795}.Debug|x86.ActiveCfg = Debug|x86
		{C709781C-169A-45F3-A665-7AF7A9286795}.Debug|x86.Build.0 = Debug|x86
		{C709781C-169A-45F3-A665-7AF7A9286795}.Release|Any CPU.ActiveCfg = Release|x86
		{C709781C-169A-45F3-A665-7AF7A9286795}.Release|Mixed Platforms.ActiveCfg = Release|x86
		{C709781C-169A-45F3-A665-7AF7A9286795}.Release|Mixed Platforms.Build.0 = Release|x86
		{C709781C-169A-45F3-A665-7AF7A9286795}.Release|x86.ActiveCfg = Release|x86
		{C709781C-169A-45F3-A665-7AF7A9286795}.Release|x86.Build.0 = Release|x86
	EndGlobalSection
	GlobalSection(SolutionProperties) = preSolution
		HideSolutionNode = FALSE
	EndGlobalSection
EndGlobal
