Microsoft Visual Studio Solution File, Format Version 12.00
# Visual Studio 2013
VisualStudioVersion = 12.0.30723.0
MinimumVisualStudioVersion = 10.0.40219.1
Project("{FAE04EC0-301F-11D3-BF4B-00C04F79EFBC}") = "Launcher", "LauncherWP\Launcher.csproj", "{372DAED6-69FB-4938-9F34-947C0DCF8616}"
EndProject
Project("{FAE04EC0-301F-11D3-BF4B-00C04F79EFBC}") = "WaveOculusDemoProjectWP", "WaveOculusDemo\WaveOculusDemoProject\WaveOculusDemoProjectWP.csproj", "{099EB954-8F8E-42F0-8EEB-2FC40BA69A2A}"
EndProject
Global
	GlobalSection(TeamFoundationVersionControl) = preSolution
		SccNumberOfProjects = 3
		SccEnterpriseProvider = {4CA58AB2-18FA-4F8D-95D4-32DDF27D184C}
		SccTeamFoundationServer = https://tfs2013.plainconcepts.com/tfs/wave
		SccLocalPath0 = .
		SccProjectUniqueName1 = LauncherWP\\Launcher.csproj
		SccProjectName1 = LauncherWP
		SccLocalPath1 = LauncherWP
		SccProjectUniqueName2 = WaveOculusDemo\\WaveOculusDemoProject\\WaveOculusDemoProjectWP.csproj
		SccProjectName2 = WaveOculusDemo/WaveOculusDemoProject
		SccLocalPath2 = WaveOculusDemo\\WaveOculusDemoProject
	EndGlobalSection
	GlobalSection(SolutionConfigurationPlatforms) = preSolution
		Debug|ARM = Debug|ARM
		Debug|x86 = Debug|x86
		Release|ARM = Release|ARM
		Release|x86 = Release|x86
	EndGlobalSection
	GlobalSection(ProjectConfigurationPlatforms) = postSolution
		{372DAED6-69FB-4938-9F34-947C0DCF8616}.Debug|ARM.ActiveCfg = Debug|ARM
		{372DAED6-69FB-4938-9F34-947C0DCF8616}.Debug|ARM.Build.0 = Debug|ARM
		{372DAED6-69FB-4938-9F34-947C0DCF8616}.Debug|ARM.Deploy.0 = Debug|ARM
		{372DAED6-69FB-4938-9F34-947C0DCF8616}.Debug|x86.ActiveCfg = Debug|x86
		{372DAED6-69FB-4938-9F34-947C0DCF8616}.Debug|x86.Build.0 = Debug|x86
		{372DAED6-69FB-4938-9F34-947C0DCF8616}.Debug|x86.Deploy.0 = Debug|x86
		{372DAED6-69FB-4938-9F34-947C0DCF8616}.Release|ARM.ActiveCfg = Release|ARM
		{372DAED6-69FB-4938-9F34-947C0DCF8616}.Release|ARM.Build.0 = Release|ARM
		{372DAED6-69FB-4938-9F34-947C0DCF8616}.Release|ARM.Deploy.0 = Release|ARM
		{372DAED6-69FB-4938-9F34-947C0DCF8616}.Release|x86.ActiveCfg = Release|x86
		{372DAED6-69FB-4938-9F34-947C0DCF8616}.Release|x86.Build.0 = Release|x86
		{372DAED6-69FB-4938-9F34-947C0DCF8616}.Release|x86.Deploy.0 = Release|x86
		{099EB954-8F8E-42F0-8EEB-2FC40BA69A2A}.Debug|ARM.ActiveCfg = Debug|ARM
		{099EB954-8F8E-42F0-8EEB-2FC40BA69A2A}.Debug|ARM.Build.0 = Debug|ARM
		{099EB954-8F8E-42F0-8EEB-2FC40BA69A2A}.Debug|x86.ActiveCfg = Debug|x86
		{099EB954-8F8E-42F0-8EEB-2FC40BA69A2A}.Debug|x86.Build.0 = Debug|x86
		{099EB954-8F8E-42F0-8EEB-2FC40BA69A2A}.Release|ARM.ActiveCfg = Release|ARM
		{099EB954-8F8E-42F0-8EEB-2FC40BA69A2A}.Release|ARM.Build.0 = Release|ARM
		{099EB954-8F8E-42F0-8EEB-2FC40BA69A2A}.Release|x86.ActiveCfg = Release|x86
		{099EB954-8F8E-42F0-8EEB-2FC40BA69A2A}.Release|x86.Build.0 = Release|x86
	EndGlobalSection
	GlobalSection(SolutionProperties) = preSolution
		HideSolutionNode = FALSE
	EndGlobalSection
	GlobalSection(SpecExplorer.ActivityCompletionStatus) = preSolution
		SpecExplorer.ActivityCompletionStatus = 
	EndGlobalSection
EndGlobal
