
Microsoft Visual Studio Solution File, Format Version 12.00
# Visual Studio 2012
Project("{FAE04EC0-301F-11D3-BF4B-00C04F79EFBC}") = "CameraRenderTarget", "CameraRenderTarget\CameraRenderTarget\CameraRenderTarget.csproj", "{C3A2E831-0A38-44A4-8BEF-1A53735BC9D2}"
EndProject
Project("{FAE04EC0-301F-11D3-BF4B-00C04F79EFBC}") = "CameraRenderTargetProject", "CameraRenderTarget\CameraRenderTargetProject\CameraRenderTargetProject.csproj", "{9BD8AC70-360B-40CE-A0D6-971B85BB90C3}"
EndProject
Global
	GlobalSection(TeamFoundationVersionControl) = preSolution
		SccNumberOfProjects = 3
		SccEnterpriseProvider = {4CA58AB2-18FA-4F8D-95D4-32DDF27D184C}
		SccTeamFoundationServer = https://tfs2013.plainconcepts.com/tfs/wave
		SccLocalPath0 = .
		SccProjectUniqueName1 = CameraRenderTarget\\CameraRenderTarget\\CameraRenderTarget.csproj
		SccProjectName1 = CameraRenderTarget/CameraRenderTarget
		SccLocalPath1 = CameraRenderTarget\\CameraRenderTarget
		SccProjectUniqueName2 = CameraRenderTarget\\CameraRenderTargetProject\\CameraRenderTargetProject.csproj
		SccProjectName2 = CameraRenderTarget/CameraRenderTargetProject
		SccLocalPath2 = CameraRenderTarget\\CameraRenderTargetProject
	EndGlobalSection
	GlobalSection(SolutionConfigurationPlatforms) = preSolution
		Debug|x86 = Debug|x86
		Release|x86 = Release|x86
	EndGlobalSection
	GlobalSection(ProjectConfigurationPlatforms) = postSolution
		{C3A2E831-0A38-44A4-8BEF-1A53735BC9D2}.Debug|x86.ActiveCfg = Debug|x86
		{C3A2E831-0A38-44A4-8BEF-1A53735BC9D2}.Debug|x86.Build.0 = Debug|x86
		{C3A2E831-0A38-44A4-8BEF-1A53735BC9D2}.Release|x86.ActiveCfg = Release|x86
		{C3A2E831-0A38-44A4-8BEF-1A53735BC9D2}.Release|x86.Build.0 = Release|x86
		{9BD8AC70-360B-40CE-A0D6-971B85BB90C3}.Debug|x86.ActiveCfg = Debug|x86
		{9BD8AC70-360B-40CE-A0D6-971B85BB90C3}.Debug|x86.Build.0 = Debug|x86
		{9BD8AC70-360B-40CE-A0D6-971B85BB90C3}.Release|x86.ActiveCfg = Release|x86
		{9BD8AC70-360B-40CE-A0D6-971B85BB90C3}.Release|x86.Build.0 = Release|x86
	EndGlobalSection
	GlobalSection(SolutionProperties) = preSolution
		HideSolutionNode = FALSE
	EndGlobalSection
EndGlobal
