
Microsoft Visual Studio Solution File, Format Version 11.00
# Visual Studio 2010
Project("{FAE04EC0-301F-11D3-BF4B-00C04F79EFBC}") = "Launcher", "LauncherIOS\Launcher.csproj", "{7D1B7F56-E247-4BDE-8143-643EE496A02E}" 
EndProject
Project("{FAE04EC0-301F-11D3-BF4B-00C04F79EFBC}") = "SocialSampleProjectIOS", "SocialSample\SocialSampleProject\SocialSampleProjectIOS.csproj", "{4F02835B-C790-45A7-B505-3CD399AAED6D}" 
EndProject
Global
	GlobalSection(SolutionConfigurationPlatforms) = preSolution
		Debug|iPhoneSimulator = Debug|iPhoneSimulator
		Release|iPhoneSimulator = Release|iPhoneSimulator
		Debug|iPhone = Debug|iPhone
		Release|iPhone = Release|iPhone
	EndGlobalSection
	GlobalSection(ProjectConfigurationPlatforms) = postSolution
		{4F02835B-C790-45A7-B505-3CD399AAED6D}.Debug|iPhoneSimulator.ActiveCfg = Debug|iPhoneSimulator
		{4F02835B-C790-45A7-B505-3CD399AAED6D}.Debug|iPhoneSimulator.Build.0 = Debug|iPhoneSimulator
		{4F02835B-C790-45A7-B505-3CD399AAED6D}.Release|iPhoneSimulator.ActiveCfg = Release|iPhoneSimulator
		{4F02835B-C790-45A7-B505-3CD399AAED6D}.Release|iPhoneSimulator.Build.0 = Release|iPhoneSimulator
		{4F02835B-C790-45A7-B505-3CD399AAED6D}.Debug|iPhone.ActiveCfg = Debug|iPhone
		{4F02835B-C790-45A7-B505-3CD399AAED6D}.Debug|iPhone.Build.0 = Debug|iPhone
		{4F02835B-C790-45A7-B505-3CD399AAED6D}.Release|iPhone.ActiveCfg = Release|iPhone
		{4F02835B-C790-45A7-B505-3CD399AAED6D}.Release|iPhone.Build.0 = Release|iPhone
		{7D1B7F56-E247-4BDE-8143-643EE496A02E}.Debug|iPhoneSimulator.ActiveCfg = Debug|iPhoneSimulator
		{7D1B7F56-E247-4BDE-8143-643EE496A02E}.Debug|iPhoneSimulator.Build.0 = Debug|iPhoneSimulator
		{7D1B7F56-E247-4BDE-8143-643EE496A02E}.Debug|iPhoneSimulator.Deploy.0 = Debug|iPhoneSimulator
		{7D1B7F56-E247-4BDE-8143-643EE496A02E}.Release|iPhoneSimulator.ActiveCfg = Release|iPhoneSimulator
		{7D1B7F56-E247-4BDE-8143-643EE496A02E}.Release|iPhoneSimulator.Build.0 = Release|iPhoneSimulator
		{7D1B7F56-E247-4BDE-8143-643EE496A02E}.Release|iPhoneSimulator.Deploy.0 = Release|iPhoneSimulator
		{7D1B7F56-E247-4BDE-8143-643EE496A02E}.Debug|iPhone.ActiveCfg = Debug|iPhone
		{7D1B7F56-E247-4BDE-8143-643EE496A02E}.Debug|iPhone.Build.0 = Debug|iPhone
		{7D1B7F56-E247-4BDE-8143-643EE496A02E}.Debug|iPhone.Deploy.0 = Debug|iPhone
		{7D1B7F56-E247-4BDE-8143-643EE496A02E}.Release|iPhone.ActiveCfg = Release|iPhone
		{7D1B7F56-E247-4BDE-8143-643EE496A02E}.Release|iPhone.Build.0 = Release|iPhone
		{7D1B7F56-E247-4BDE-8143-643EE496A02E}.Release|iPhone.Deploy.0 = Release|iPhone
	EndGlobalSection
	GlobalSection(SolutionProperties) = preSolution
		HideSolutionNode = FALSE
	EndGlobalSection
	GlobalSection(SpecExplorer.ActivityCompletionStatus) = preSolution
		SpecExplorer.ActivityCompletionStatus = 
	EndGlobalSection
EndGlobal

