
Microsoft Visual Studio Solution File, Format Version 12.00
# Visual Studio 2013
VisualStudioVersion = 12.0.30723.0
MinimumVisualStudioVersion = 10.0.40219.1
Project("{FAE04EC0-301F-11D3-BF4B-00C04F79EFBC}") = "Billboard", "Billboard\Billboard\Billboard.csproj", "{C3A2E831-0A38-44A4-8BEF-1A53735BC9D2}"
EndProject
Project("{FAE04EC0-301F-11D3-BF4B-00C04F79EFBC}") = "BillboardProject", "Billboard\BillboardProject\BillboardProject.csproj", "{6848F093-5308-481B-AB90-5E6380C91C66}"
EndProject
Global
	GlobalSection(SolutionConfigurationPlatforms) = preSolution
		Debug|x86 = Debug|x86
		Release|x86 = Release|x86
	EndGlobalSection
	GlobalSection(ProjectConfigurationPlatforms) = postSolution
		{C3A2E831-0A38-44A4-8BEF-1A53735BC9D2}.Debug|x86.ActiveCfg = Debug|x86
		{C3A2E831-0A38-44A4-8BEF-1A53735BC9D2}.Debug|x86.Build.0 = Debug|x86
		{C3A2E831-0A38-44A4-8BEF-1A53735BC9D2}.Release|x86.ActiveCfg = Release|x86
		{C3A2E831-0A38-44A4-8BEF-1A53735BC9D2}.Release|x86.Build.0 = Release|x86
		{6848F093-5308-481B-AB90-5E6380C91C66}.Debug|x86.ActiveCfg = Debug|x86
		{6848F093-5308-481B-AB90-5E6380C91C66}.Debug|x86.Build.0 = Debug|x86
		{6848F093-5308-481B-AB90-5E6380C91C66}.Release|x86.ActiveCfg = Release|x86
		{6848F093-5308-481B-AB90-5E6380C91C66}.Release|x86.Build.0 = Release|x86
	EndGlobalSection
	GlobalSection(SolutionProperties) = preSolution
		HideSolutionNode = FALSE
	EndGlobalSection
EndGlobal
