
Microsoft Visual Studio Solution File, Format Version 12.00
# Visual Studio 2012
Project("{FAE04EC0-301F-11D3-BF4B-00C04F79EFBC}") = "RadioButtonSample", "RadioButtonSample\RadioButtonSample\RadioButtonSample.csproj", "{3C833F0E-B5E8-4929-A2C6-A2A753FD2473}"
EndProject
Project("{FAE04EC0-301F-11D3-BF4B-00C04F79EFBC}") = "RadioButtonSampleProject", "RadioButtonSample\RadioButtonSampleProject\RadioButtonSampleProject.csproj", "{B3816FC2-EA0D-4472-B48A-D88F6FB6555C}"
EndProject
Global
	
	GlobalSection(SolutionConfigurationPlatforms) = preSolution
		Debug|x86 = Debug|x86
		Release|x86 = Release|x86
	EndGlobalSection
	GlobalSection(ProjectConfigurationPlatforms) = postSolution
		{3C833F0E-B5E8-4929-A2C6-A2A753FD2473}.Debug|x86.ActiveCfg = Debug|x86
		{3C833F0E-B5E8-4929-A2C6-A2A753FD2473}.Debug|x86.Build.0 = Debug|x86
		{3C833F0E-B5E8-4929-A2C6-A2A753FD2473}.Release|x86.ActiveCfg = Release|x86
		{3C833F0E-B5E8-4929-A2C6-A2A753FD2473}.Release|x86.Build.0 = Release|x86
		{B3816FC2-EA0D-4472-B48A-D88F6FB6555C}.Debug|x86.ActiveCfg = Debug|x86
		{B3816FC2-EA0D-4472-B48A-D88F6FB6555C}.Debug|x86.Build.0 = Debug|x86
		{B3816FC2-EA0D-4472-B48A-D88F6FB6555C}.Release|x86.ActiveCfg = Release|x86
		{B3816FC2-EA0D-4472-B48A-D88F6FB6555C}.Release|x86.Build.0 = Release|x86
	EndGlobalSection
	GlobalSection(SolutionProperties) = preSolution
		HideSolutionNode = FALSE
	EndGlobalSection
EndGlobal
