Microsoft Visual Studio Solution File, Format Version 12.00
# Visual Studio 2013
VisualStudioVersion = 12.0.21005.1
MinimumVisualStudioVersion = 10.0.40219.1
Project("{FAE04EC0-301F-11D3-BF4B-00C04F79EFBC}") = "AngleJoint2DSample", "AngleJoint2DSample\AngleJoint2DSample\AngleJoint2DSample.csproj", "{43F7E763-44C8-43E4-885F-DF5C3D7F7378}"
EndProject
Project("{FAE04EC0-301F-11D3-BF4B-00C04F79EFBC}") = "AngleJoint2DSampleProject", "AngleJoint2DSample\AngleJoint2DSampleProject\AngleJoint2DSampleProject.csproj", "{5374DED9-8DF3-436A-8EE8-F2E8A8579ABA}"
EndProject
Global
	GlobalSection(TeamFoundationVersionControl) = preSolution
		SccNumberOfProjects = 2
		SccEnterpriseProvider = {4CA58AB2-18FA-4F8D-95D4-32DDF27D184C}
		SccTeamFoundationServer = https://tfs2013.plainconcepts.com/tfs/wave
		SccProjectUniqueName0 = AngleJoint2DSample\\AngleJoint2DSample\\AngleJoint2DSample.csproj
		SccProjectName0 = AngleJoint2DSample/AngleJoint2DSample
		SccAuxPath0 = https://tfs2013.plainconcepts.com/tfs/wave
		SccLocalPath0 = AngleJoint2DSample\\AngleJoint2DSample
		SccProvider0 = {4CA58AB2-18FA-4F8D-95D4-32DDF27D184C}
		SccProjectUniqueName1 = AngleJoint2DSample\\AngleJoint2DSampleProject\\AngleJoint2DSampleProject.csproj
		SccProjectName1 = AngleJoint2DSample/AngleJoint2DSampleProject
		SccAuxPath1 = https://tfs2013.plainconcepts.com/tfs/wave
		SccLocalPath1 = AngleJoint2DSample\\AngleJoint2DSampleProject
		SccProvider1 = {4CA58AB2-18FA-4F8D-95D4-32DDF27D184C}
	EndGlobalSection
	GlobalSection(SolutionConfigurationPlatforms) = preSolution
		Debug|x86 = Debug|x86
		Release|x86 = Release|x86
	EndGlobalSection
	GlobalSection(ProjectConfigurationPlatforms) = postSolution
		{43F7E763-44C8-43E4-885F-DF5C3D7F7378}.Debug|x86.ActiveCfg = Debug|x86
		{43F7E763-44C8-43E4-885F-DF5C3D7F7378}.Debug|x86.Build.0 = Debug|x86
		{43F7E763-44C8-43E4-885F-DF5C3D7F7378}.Release|x86.ActiveCfg = Release|x86
		{43F7E763-44C8-43E4-885F-DF5C3D7F7378}.Release|x86.Build.0 = Release|x86
		{5374DED9-8DF3-436A-8EE8-F2E8A8579ABA}.Debug|x86.ActiveCfg = Debug|x86
		{5374DED9-8DF3-436A-8EE8-F2E8A8579ABA}.Debug|x86.Build.0 = Debug|x86
		{5374DED9-8DF3-436A-8EE8-F2E8A8579ABA}.Release|x86.ActiveCfg = Release|x86
		{5374DED9-8DF3-436A-8EE8-F2E8A8579ABA}.Release|x86.Build.0 = Release|x86
	EndGlobalSection
	GlobalSection(SolutionProperties) = preSolution
		HideSolutionNode = FALSE
	EndGlobalSection
EndGlobal
