
Microsoft Visual Studio Solution File, Format Version 12.00
# Visual Studio 2012
Project("{FAE04EC0-301F-11D3-BF4B-00C04F79EFBC}") = "Diagnostics", "Diagnostics\Diagnostics\Diagnostics.csproj", "{396BFC07-5880-4DD7-AE36-4E14CF242939}"
EndProject
Project("{FAE04EC0-301F-11D3-BF4B-00C04F79EFBC}") = "DiagnosticsProject", "Diagnostics\DiagnosticsProject\DiagnosticsProject.csproj", "{0803DD29-93DF-4C96-9C0E-D6330AE7CD68}"
EndProject
Global
	
	GlobalSection(SolutionConfigurationPlatforms) = preSolution
		Debug|Any CPU = Debug|Any CPU
		Debug|Mixed Platforms = Debug|Mixed Platforms
		Debug|x86 = Debug|x86
		Release|Any CPU = Release|Any CPU
		Release|Mixed Platforms = Release|Mixed Platforms
		Release|x86 = Release|x86
	EndGlobalSection
	GlobalSection(ProjectConfigurationPlatforms) = postSolution
		{396BFC07-5880-4DD7-AE36-4E14CF242939}.Debug|Any CPU.ActiveCfg = Debug|x86
		{396BFC07-5880-4DD7-AE36-4E14CF242939}.Debug|Mixed Platforms.ActiveCfg = Debug|x86
		{396BFC07-5880-4DD7-AE36-4E14CF242939}.Debug|Mixed Platforms.Build.0 = Debug|x86
		{396BFC07-5880-4DD7-AE36-4E14CF242939}.Debug|x86.ActiveCfg = Debug|x86
		{396BFC07-5880-4DD7-AE36-4E14CF242939}.Debug|x86.Build.0 = Debug|x86
		{396BFC07-5880-4DD7-AE36-4E14CF242939}.Release|Any CPU.ActiveCfg = Release|x86
		{396BFC07-5880-4DD7-AE36-4E14CF242939}.Release|Mixed Platforms.ActiveCfg = Release|x86
		{396BFC07-5880-4DD7-AE36-4E14CF242939}.Release|Mixed Platforms.Build.0 = Release|x86
		{396BFC07-5880-4DD7-AE36-4E14CF242939}.Release|x86.ActiveCfg = Release|x86
		{396BFC07-5880-4DD7-AE36-4E14CF242939}.Release|x86.Build.0 = Release|x86
		{0803DD29-93DF-4C96-9C0E-D6330AE7CD68}.Debug|Any CPU.ActiveCfg = Debug|x86
		{0803DD29-93DF-4C96-9C0E-D6330AE7CD68}.Debug|Mixed Platforms.ActiveCfg = Debug|x86
		{0803DD29-93DF-4C96-9C0E-D6330AE7CD68}.Debug|Mixed Platforms.Build.0 = Debug|x86
		{0803DD29-93DF-4C96-9C0E-D6330AE7CD68}.Debug|x86.ActiveCfg = Debug|x86
		{0803DD29-93DF-4C96-9C0E-D6330AE7CD68}.Debug|x86.Build.0 = Debug|x86
		{0803DD29-93DF-4C96-9C0E-D6330AE7CD68}.Release|Any CPU.ActiveCfg = Release|x86
		{0803DD29-93DF-4C96-9C0E-D6330AE7CD68}.Release|Mixed Platforms.ActiveCfg = Release|x86
		{0803DD29-93DF-4C96-9C0E-D6330AE7CD68}.Release|Mixed Platforms.Build.0 = Release|x86
		{0803DD29-93DF-4C96-9C0E-D6330AE7CD68}.Release|x86.ActiveCfg = Release|x86
		{0803DD29-93DF-4C96-9C0E-D6330AE7CD68}.Release|x86.Build.0 = Release|x86
	EndGlobalSection
	GlobalSection(SolutionProperties) = preSolution
		HideSolutionNode = FALSE
	EndGlobalSection
EndGlobal
