
Microsoft Visual Studio Solution File, Format Version 12.00
# Visual Studio 2012
Project("{FAE04EC0-301F-11D3-BF4B-00C04F79EFBC}") = "ToggleSwitchSample", "ToggleSwitchSample\ToggleSwitchSample\ToggleSwitchSample.csproj", "{E7E06512-37F1-4F68-BBF9-04773071FB9C}"
EndProject
Project("{FAE04EC0-301F-11D3-BF4B-00C04F79EFBC}") = "ToggleSwitchSampleProject", "ToggleSwitchSample\ToggleSwitchSampleProject\ToggleSwitchSampleProject.csproj", "{CFC67715-C709-49DF-8BF1-FB7E402FC69B}"
EndProject
Global
	
	GlobalSection(SolutionConfigurationPlatforms) = preSolution
		Debug|x86 = Debug|x86
		Release|x86 = Release|x86
	EndGlobalSection
	GlobalSection(ProjectConfigurationPlatforms) = postSolution
		{E7E06512-37F1-4F68-BBF9-04773071FB9C}.Debug|x86.ActiveCfg = Debug|x86
		{E7E06512-37F1-4F68-BBF9-04773071FB9C}.Debug|x86.Build.0 = Debug|x86
		{E7E06512-37F1-4F68-BBF9-04773071FB9C}.Release|x86.ActiveCfg = Release|x86
		{E7E06512-37F1-4F68-BBF9-04773071FB9C}.Release|x86.Build.0 = Release|x86
		{CFC67715-C709-49DF-8BF1-FB7E402FC69B}.Debug|x86.ActiveCfg = Debug|x86
		{CFC67715-C709-49DF-8BF1-FB7E402FC69B}.Debug|x86.Build.0 = Debug|x86
		{CFC67715-C709-49DF-8BF1-FB7E402FC69B}.Release|x86.ActiveCfg = Release|x86
		{CFC67715-C709-49DF-8BF1-FB7E402FC69B}.Release|x86.Build.0 = Release|x86
	EndGlobalSection
	GlobalSection(SolutionProperties) = preSolution
		HideSolutionNode = FALSE
	EndGlobalSection
EndGlobal
