
Microsoft Visual Studio Solution File, Format Version 11.00
# Visual Studio 2010
Project("{FAE04EC0-301F-11D3-BF4B-00C04F79EFBC}") = "Launcher", "LauncherIOS\Launcher.csproj", "{A2BF7DAF-600C-4B28-A650-C67237B33A30}" 
EndProject
Project("{FAE04EC0-301F-11D3-BF4B-00C04F79EFBC}") = "VuforiaProjectIOS", "Vuforia\VuforiaProject\VuforiaProjectIOS.csproj", "{14B73467-D1EC-4B55-B2C6-A3BDE2D3D79F}" 
EndProject
Global
	GlobalSection(SolutionConfigurationPlatforms) = preSolution
		Debug|iPhoneSimulator = Debug|iPhoneSimulator
		Release|iPhoneSimulator = Release|iPhoneSimulator
		Debug|iPhone = Debug|iPhone
		Release|iPhone = Release|iPhone
	EndGlobalSection
	GlobalSection(ProjectConfigurationPlatforms) = postSolution
		{14B73467-D1EC-4B55-B2C6-A3BDE2D3D79F}.Debug|iPhoneSimulator.ActiveCfg = Debug|iPhoneSimulator
		{14B73467-D1EC-4B55-B2C6-A3BDE2D3D79F}.Debug|iPhoneSimulator.Build.0 = Debug|iPhoneSimulator
		{14B73467-D1EC-4B55-B2C6-A3BDE2D3D79F}.Release|iPhoneSimulator.ActiveCfg = Release|iPhoneSimulator
		{14B73467-D1EC-4B55-B2C6-A3BDE2D3D79F}.Release|iPhoneSimulator.Build.0 = Release|iPhoneSimulator
		{14B73467-D1EC-4B55-B2C6-A3BDE2D3D79F}.Debug|iPhone.ActiveCfg = Debug|iPhone
		{14B73467-D1EC-4B55-B2C6-A3BDE2D3D79F}.Debug|iPhone.Build.0 = Debug|iPhone
		{14B73467-D1EC-4B55-B2C6-A3BDE2D3D79F}.Release|iPhone.ActiveCfg = Release|iPhone
		{14B73467-D1EC-4B55-B2C6-A3BDE2D3D79F}.Release|iPhone.Build.0 = Release|iPhone
		{A2BF7DAF-600C-4B28-A650-C67237B33A30}.Debug|iPhoneSimulator.ActiveCfg = Debug|iPhoneSimulator
		{A2BF7DAF-600C-4B28-A650-C67237B33A30}.Debug|iPhoneSimulator.Build.0 = Debug|iPhoneSimulator
		{A2BF7DAF-600C-4B28-A650-C67237B33A30}.Debug|iPhoneSimulator.Deploy.0 = Debug|iPhoneSimulator
		{A2BF7DAF-600C-4B28-A650-C67237B33A30}.Release|iPhoneSimulator.ActiveCfg = Release|iPhoneSimulator
		{A2BF7DAF-600C-4B28-A650-C67237B33A30}.Release|iPhoneSimulator.Build.0 = Release|iPhoneSimulator
		{A2BF7DAF-600C-4B28-A650-C67237B33A30}.Release|iPhoneSimulator.Deploy.0 = Release|iPhoneSimulator
		{A2BF7DAF-600C-4B28-A650-C67237B33A30}.Debug|iPhone.ActiveCfg = Debug|iPhone
		{A2BF7DAF-600C-4B28-A650-C67237B33A30}.Debug|iPhone.Build.0 = Debug|iPhone
		{A2BF7DAF-600C-4B28-A650-C67237B33A30}.Debug|iPhone.Deploy.0 = Debug|iPhone
		{A2BF7DAF-600C-4B28-A650-C67237B33A30}.Release|iPhone.ActiveCfg = Release|iPhone
		{A2BF7DAF-600C-4B28-A650-C67237B33A30}.Release|iPhone.Build.0 = Release|iPhone
		{A2BF7DAF-600C-4B28-A650-C67237B33A30}.Release|iPhone.Deploy.0 = Release|iPhone
	EndGlobalSection
	GlobalSection(SolutionProperties) = preSolution
		HideSolutionNode = FALSE
	EndGlobalSection
	GlobalSection(SpecExplorer.ActivityCompletionStatus) = preSolution
		SpecExplorer.ActivityCompletionStatus = 
	EndGlobalSection
EndGlobal

