
Microsoft Visual Studio Solution File, Format Version 12.00
# Visual Studio 2012
Project("{FAE04EC0-301F-11D3-BF4B-00C04F79EFBC}") = "Motor3DSample", "Motor3DSample\Motor3DSample\Motor3DSample.csproj", "{0595200E-EFC3-45A6-8907-8E35566FBD31}"
EndProject
Project("{FAE04EC0-301F-11D3-BF4B-00C04F79EFBC}") = "Motor3DSampleProject", "Motor3DSample\Motor3DSampleProject\Motor3DSampleProject.csproj", "{BFC185E1-2542-43C1-A0FC-92FF217E060C}"
EndProject
Global
	
	GlobalSection(SolutionConfigurationPlatforms) = preSolution
		Debug|x86 = Debug|x86
		Release|x86 = Release|x86
	EndGlobalSection
	GlobalSection(ProjectConfigurationPlatforms) = postSolution
		{0595200E-EFC3-45A6-8907-8E35566FBD31}.Debug|x86.ActiveCfg = Debug|x86
		{0595200E-EFC3-45A6-8907-8E35566FBD31}.Debug|x86.Build.0 = Debug|x86
		{0595200E-EFC3-45A6-8907-8E35566FBD31}.Release|x86.ActiveCfg = Release|x86
		{BFC185E1-2542-43C1-A0FC-92FF217E060C}.Debug|x86.ActiveCfg = Debug|x86
		{BFC185E1-2542-43C1-A0FC-92FF217E060C}.Debug|x86.Build.0 = Debug|x86
		{BFC185E1-2542-43C1-A0FC-92FF217E060C}.Release|x86.ActiveCfg = Release|x86
		{BFC185E1-2542-43C1-A0FC-92FF217E060C}.Release|x86.Build.0 = Release|x86
	EndGlobalSection
	GlobalSection(SolutionProperties) = preSolution
		HideSolutionNode = FALSE
	EndGlobalSection
EndGlobal
