Microsoft Visual Studio Solution File, Format Version 12.00
# Visual Studio 15
VisualStudioVersion = 15.0.27428.2037
MinimumVisualStudioVersion = 10.0.40219.1
Project("{FAE04EC0-301F-11D3-BF4B-00C04F79EFBC}") = "ARMobile", "Launchers\Android\ARMobile.csproj", "{5A2BDAFD-AA77-492C-8D29-F29013625366}"
EndProject
Project("{D954291E-2A0B-460D-934E-DC6B0785DB48}") = "ARMobileSource", "SharedSource\Main\ARMobileSource.shproj", "{846D34C8-E537-4DC7-B646-CFF649CE42E4}"
EndProject
Global
	GlobalSection(SharedMSBuildProjectFiles) = preSolution
		SharedSource\Main\ARMobileSource.projitems*{5a2bdafd-aa77-492c-8d29-f29013625366}*SharedItemsImports = 4
		SharedSource\Main\ARMobileSource.projitems*{846d34c8-e537-4dc7-b646-cff649ce42e4}*SharedItemsImports = 13
	EndGlobalSection
	GlobalSection(SolutionConfigurationPlatforms) = preSolution
		Debug|Any CPU = Debug|Any CPU
		Release|Any CPU = Release|Any CPU
	EndGlobalSection
	GlobalSection(ProjectConfigurationPlatforms) = postSolution
		{5A2BDAFD-AA77-492C-8D29-F29013625366}.Debug|Any CPU.ActiveCfg = Debug|Any CPU
		{5A2BDAFD-AA77-492C-8D29-F29013625366}.Debug|Any CPU.Build.0 = Debug|Any CPU
		{5A2BDAFD-AA77-492C-8D29-F29013625366}.Debug|Any CPU.Deploy.0 = Debug|Any CPU
		{5A2BDAFD-AA77-492C-8D29-F29013625366}.Release|Any CPU.ActiveCfg = Release|Any CPU
		{5A2BDAFD-AA77-492C-8D29-F29013625366}.Release|Any CPU.Build.0 = Release|Any CPU
		{5A2BDAFD-AA77-492C-8D29-F29013625366}.Release|Any CPU.Deploy.0 = Release|Any CPU
	EndGlobalSection
	GlobalSection(SolutionProperties) = preSolution
		HideSolutionNode = FALSE
	EndGlobalSection
	GlobalSection(ExtensibilityGlobals) = postSolution
		SolutionGuid = {ED5F1C1B-5E4B-40C3-819B-3336311D7F64}
	EndGlobalSection
	GlobalSection(SpecExplorer.ActivityCompletionStatus) = preSolution
		SpecExplorer.ActivityCompletionStatus = 
	EndGlobalSection
EndGlobal
