
Microsoft Visual Studio Solution File, Format Version 11.00
# Visual Studio 2010
Project("{D954291E-2A0B-460D-934E-DC6B0785DB48}") = "FrustumCullingSource", "SharedSource\Main\FrustumCullingSource.shproj", "{846D34C8-E537-4DC7-B646-CFF649CE42E4}"
EndProject
Project("{FAE04EC0-301F-11D3-BF4B-00C04F79EFBC}") = "FrustumCulling", "Launchers\MacOS\FrustumCulling.csproj", "{24B87C78-E012-4BAD-9616-43F9BD6F6532}"
EndProject
Global
	GlobalSection(SolutionConfigurationPlatforms) = preSolution
		Debug|Any CPU = Debug|Any CPU
		Release|Any CPU = Release|Any CPU
		AppStore|Any CPU = AppStore|Any CPU
	EndGlobalSection
	GlobalSection(ProjectConfigurationPlatforms) = postSolution
		{24B87C78-E012-4BAD-9616-43F9BD6F6532}.AppStore|Any CPU.ActiveCfg = AppStore|Any CPU
		{24B87C78-E012-4BAD-9616-43F9BD6F6532}.AppStore|Any CPU.Build.0 = AppStore|Any CPU
		{24B87C78-E012-4BAD-9616-43F9BD6F6532}.Debug|Any CPU.ActiveCfg = Debug|Any CPU
		{24B87C78-E012-4BAD-9616-43F9BD6F6532}.Debug|Any CPU.Build.0 = Debug|Any CPU
		{24B87C78-E012-4BAD-9616-43F9BD6F6532}.Release|Any CPU.ActiveCfg = Release|Any CPU
		{24B87C78-E012-4BAD-9616-43F9BD6F6532}.Release|Any CPU.Build.0 = Release|Any CPU
	EndGlobalSection
	GlobalSection(SolutionProperties) = preSolution
		HideSolutionNode = FALSE
	EndGlobalSection
	GlobalSection(SpecExplorer.ActivityCompletionStatus) = preSolution
		SpecExplorer.ActivityCompletionStatus = 
	EndGlobalSection
EndGlobal
