
Microsoft Visual Studio Solution File, Format Version 12.00
# Visual Studio 2012
Project("{FAE04EC0-301F-11D3-BF4B-00C04F79EFBC}") = "WallDemo", "WallDemo\WallDemo\WallDemo.csproj", "{D5BE1D5B-8DC0-4505-86DA-ACDB7F7FFB02}"
EndProject
Project("{FAE04EC0-301F-11D3-BF4B-00C04F79EFBC}") = "WallDemoProject", "WallDemo\WallDemoProject\WallDemoProject.csproj", "{5A9A97BD-3C1D-4820-9425-2DAFEAFDA545}"
EndProject
Global
	
	GlobalSection(SolutionConfigurationPlatforms) = preSolution
		Debug|Any CPU = Debug|Any CPU
		Debug|Mixed Platforms = Debug|Mixed Platforms
		Debug|x86 = Debug|x86
		Release|Any CPU = Release|Any CPU
		Release|Mixed Platforms = Release|Mixed Platforms
		Release|x86 = Release|x86
	EndGlobalSection
	GlobalSection(ProjectConfigurationPlatforms) = postSolution
		{D5BE1D5B-8DC0-4505-86DA-ACDB7F7FFB02}.Debug|Any CPU.ActiveCfg = Debug|x86
		{D5BE1D5B-8DC0-4505-86DA-ACDB7F7FFB02}.Debug|Mixed Platforms.ActiveCfg = Debug|x86
		{D5BE1D5B-8DC0-4505-86DA-ACDB7F7FFB02}.Debug|Mixed Platforms.Build.0 = Debug|x86
		{D5BE1D5B-8DC0-4505-86DA-ACDB7F7FFB02}.Debug|x86.ActiveCfg = Debug|x86
		{D5BE1D5B-8DC0-4505-86DA-ACDB7F7FFB02}.Debug|x86.Build.0 = Debug|x86
		{D5BE1D5B-8DC0-4505-86DA-ACDB7F7FFB02}.Release|Any CPU.ActiveCfg = Release|x86
		{D5BE1D5B-8DC0-4505-86DA-ACDB7F7FFB02}.Release|Mixed Platforms.ActiveCfg = Release|x86
		{D5BE1D5B-8DC0-4505-86DA-ACDB7F7FFB02}.Release|Mixed Platforms.Build.0 = Release|x86
		{D5BE1D5B-8DC0-4505-86DA-ACDB7F7FFB02}.Release|x86.ActiveCfg = Release|x86
		{D5BE1D5B-8DC0-4505-86DA-ACDB7F7FFB02}.Release|x86.Build.0 = Release|x86
		{5A9A97BD-3C1D-4820-9425-2DAFEAFDA545}.Debug|Any CPU.ActiveCfg = Debug|x86
		{5A9A97BD-3C1D-4820-9425-2DAFEAFDA545}.Debug|Mixed Platforms.ActiveCfg = Debug|x86
		{5A9A97BD-3C1D-4820-9425-2DAFEAFDA545}.Debug|Mixed Platforms.Build.0 = Debug|x86
		{5A9A97BD-3C1D-4820-9425-2DAFEAFDA545}.Debug|x86.ActiveCfg = Debug|x86
		{5A9A97BD-3C1D-4820-9425-2DAFEAFDA545}.Debug|x86.Build.0 = Debug|x86
		{5A9A97BD-3C1D-4820-9425-2DAFEAFDA545}.Release|Any CPU.ActiveCfg = Release|x86
		{5A9A97BD-3C1D-4820-9425-2DAFEAFDA545}.Release|Mixed Platforms.ActiveCfg = Release|x86
		{5A9A97BD-3C1D-4820-9425-2DAFEAFDA545}.Release|Mixed Platforms.Build.0 = Release|x86
		{5A9A97BD-3C1D-4820-9425-2DAFEAFDA545}.Release|x86.ActiveCfg = Release|x86
		{5A9A97BD-3C1D-4820-9425-2DAFEAFDA545}.Release|x86.Build.0 = Release|x86
	EndGlobalSection
	GlobalSection(SolutionProperties) = preSolution
		HideSolutionNode = FALSE
	EndGlobalSection
EndGlobal
