
Microsoft Visual Studio Solution File, Format Version 12.00
# Visual Studio 2012
Project("{FAE04EC0-301F-11D3-BF4B-00C04F79EFBC}") = "VideoPlayer", "VideoPlayer\VideoPlayer\VideoPlayer.csproj", "{8F9175DD-A0CF-4380-9411-FE536DF9CFF9}"
EndProject
Project("{FAE04EC0-301F-11D3-BF4B-00C04F79EFBC}") = "VideoPlayerProject", "VideoPlayer\VideoPlayerProject\VideoPlayerProject.csproj", "{5258B9B4-783D-41F1-9AD3-133AF3A03800}"
EndProject
Global
	
	GlobalSection(SolutionConfigurationPlatforms) = preSolution
		Debug|x86 = Debug|x86
		Release|x86 = Release|x86
	EndGlobalSection
	GlobalSection(ProjectConfigurationPlatforms) = postSolution
		{8F9175DD-A0CF-4380-9411-FE536DF9CFF9}.Debug|x86.ActiveCfg = Debug|x86
		{8F9175DD-A0CF-4380-9411-FE536DF9CFF9}.Debug|x86.Build.0 = Debug|x86
		{8F9175DD-A0CF-4380-9411-FE536DF9CFF9}.Release|x86.ActiveCfg = Release|x86
		{8F9175DD-A0CF-4380-9411-FE536DF9CFF9}.Release|x86.Build.0 = Release|x86
		{5258B9B4-783D-41F1-9AD3-133AF3A03800}.Debug|x86.ActiveCfg = Debug|x86
		{5258B9B4-783D-41F1-9AD3-133AF3A03800}.Debug|x86.Build.0 = Debug|x86
		{5258B9B4-783D-41F1-9AD3-133AF3A03800}.Release|x86.ActiveCfg = Release|x86
		{5258B9B4-783D-41F1-9AD3-133AF3A03800}.Release|x86.Build.0 = Release|x86
	EndGlobalSection
	GlobalSection(SolutionProperties) = preSolution
		HideSolutionNode = FALSE
	EndGlobalSection
EndGlobal
