Microsoft Visual Studio Solution File, Format Version 12.00
# Visual Studio 2013
VisualStudioVersion = 12.0.31101.0
MinimumVisualStudioVersion = 10.0.40219.1
Project("{FAE04EC0-301F-11D3-BF4B-00C04F79EFBC}") = "Loading", "Launchers\Linux\Loading.csproj", "{D5CB11BC-0227-42AF-BE20-306B5744F50C}"
EndProject
Project("{D954291E-2A0B-460D-934E-DC6B0785DB48}") = "LoadingSource", "SharedSource\Main\LoadingSource.shproj", "{846D34C8-E537-4DC7-B646-CFF649CE42E4}"
EndProject
Global
	GlobalSection(SharedMSBuildProjectFiles) = preSolution
		SharedSource\Main\LoadingSource.projitems*{846d34c8-e537-4dc7-b646-cff649ce42e4}*SharedItemsImports = 13
		SharedSource\Main\LoadingSource.projitems*{d5cb11bc-0227-42af-be20-306b5744f50c}*SharedItemsImports = 4
	EndGlobalSection
	GlobalSection(SolutionConfigurationPlatforms) = preSolution
		Debug|Any CPU = Debug|Any CPU
		Release|Any CPU = Release|Any CPU
	EndGlobalSection
	GlobalSection(ProjectConfigurationPlatforms) = postSolution
		{D5CB11BC-0227-42AF-BE20-306B5744F50C}.Debug|Any CPU.ActiveCfg = Debug|Any CPU
		{D5CB11BC-0227-42AF-BE20-306B5744F50C}.Debug|Any CPU.Build.0 = Debug|Any CPU
		{D5CB11BC-0227-42AF-BE20-306B5744F50C}.Release|Any CPU.ActiveCfg = Release|Any CPU
		{D5CB11BC-0227-42AF-BE20-306B5744F50C}.Release|Any CPU.Build.0 = Release|Any CPU
	EndGlobalSection
	GlobalSection(SolutionProperties) = preSolution
		HideSolutionNode = FALSE
	EndGlobalSection
	GlobalSection(SpecExplorer.ActivityCompletionStatus) = preSolution
		SpecExplorer.ActivityCompletionStatus = 
	EndGlobalSection
EndGlobal
