
Microsoft Visual Studio Solution File, Format Version 11.00
# Visual Studio 2010
Project("{FAE04EC0-301F-11D3-BF4B-00C04F79EFBC}") = "Launcher", "LauncherIOS\Launcher.csproj", "{6472C60A-10B9-49EC-A768-AE7A88E99358}" 
EndProject
Project("{FAE04EC0-301F-11D3-BF4B-00C04F79EFBC}") = "MicrophoneProjectIOS", "Microphone\MicrophoneProject\MicrophoneProjectIOS.csproj", "{7FFD1918-A885-436E-98A3-153B28DE8135}" 
EndProject
Global
	GlobalSection(SolutionConfigurationPlatforms) = preSolution
		Debug|iPhoneSimulator = Debug|iPhoneSimulator
		Release|iPhoneSimulator = Release|iPhoneSimulator
		Debug|iPhone = Debug|iPhone
		Release|iPhone = Release|iPhone
	EndGlobalSection
	GlobalSection(ProjectConfigurationPlatforms) = postSolution
		{7FFD1918-A885-436E-98A3-153B28DE8135}.Debug|iPhoneSimulator.ActiveCfg = Debug|iPhoneSimulator
		{7FFD1918-A885-436E-98A3-153B28DE8135}.Debug|iPhoneSimulator.Build.0 = Debug|iPhoneSimulator
		{7FFD1918-A885-436E-98A3-153B28DE8135}.Release|iPhoneSimulator.ActiveCfg = Release|iPhoneSimulator
		{7FFD1918-A885-436E-98A3-153B28DE8135}.Release|iPhoneSimulator.Build.0 = Release|iPhoneSimulator
		{7FFD1918-A885-436E-98A3-153B28DE8135}.Debug|iPhone.ActiveCfg = Debug|iPhone
		{7FFD1918-A885-436E-98A3-153B28DE8135}.Debug|iPhone.Build.0 = Debug|iPhone
		{7FFD1918-A885-436E-98A3-153B28DE8135}.Release|iPhone.ActiveCfg = Release|iPhone
		{7FFD1918-A885-436E-98A3-153B28DE8135}.Release|iPhone.Build.0 = Release|iPhone
		{6472C60A-10B9-49EC-A768-AE7A88E99358}.Debug|iPhoneSimulator.ActiveCfg = Debug|iPhoneSimulator
		{6472C60A-10B9-49EC-A768-AE7A88E99358}.Debug|iPhoneSimulator.Build.0 = Debug|iPhoneSimulator
		{6472C60A-10B9-49EC-A768-AE7A88E99358}.Debug|iPhoneSimulator.Deploy.0 = Debug|iPhoneSimulator
		{6472C60A-10B9-49EC-A768-AE7A88E99358}.Release|iPhoneSimulator.ActiveCfg = Release|iPhoneSimulator
		{6472C60A-10B9-49EC-A768-AE7A88E99358}.Release|iPhoneSimulator.Build.0 = Release|iPhoneSimulator
		{6472C60A-10B9-49EC-A768-AE7A88E99358}.Release|iPhoneSimulator.Deploy.0 = Release|iPhoneSimulator
		{6472C60A-10B9-49EC-A768-AE7A88E99358}.Debug|iPhone.ActiveCfg = Debug|iPhone
		{6472C60A-10B9-49EC-A768-AE7A88E99358}.Debug|iPhone.Build.0 = Debug|iPhone
		{6472C60A-10B9-49EC-A768-AE7A88E99358}.Debug|iPhone.Deploy.0 = Debug|iPhone
		{6472C60A-10B9-49EC-A768-AE7A88E99358}.Release|iPhone.ActiveCfg = Release|iPhone
		{6472C60A-10B9-49EC-A768-AE7A88E99358}.Release|iPhone.Build.0 = Release|iPhone
		{6472C60A-10B9-49EC-A768-AE7A88E99358}.Release|iPhone.Deploy.0 = Release|iPhone
	EndGlobalSection
	GlobalSection(SolutionProperties) = preSolution
		HideSolutionNode = FALSE
	EndGlobalSection
	GlobalSection(SpecExplorer.ActivityCompletionStatus) = preSolution
		SpecExplorer.ActivityCompletionStatus = 
	EndGlobalSection
EndGlobal

