Microsoft Visual Studio Solution File, Format Version 12.00
# Visual Studio 2012
Project("{FAE04EC0-301F-11D3-BF4B-00C04F79EFBC}") = "Launcher", "LauncherWindowsStore\Launcher.csproj", "{9DAE8A31-CC8C-4B49-B186-C5F572A4DB4B}"
EndProject
Project("{FAE04EC0-301F-11D3-BF4B-00C04F79EFBC}") = "MicrophoneProjectWindowsStore", "Microphone\MicrophoneProject\MicrophoneProjectWindowsStore.csproj", "{7FFD1918-A885-436E-98A3-153B28DE8135}"
EndProject
Global
	GlobalSection(TeamFoundationVersionControl) = preSolution
		SccNumberOfProjects = 1
		SccEnterpriseProvider = {4CA58AB2-18FA-4F8D-95D4-32DDF27D184C}
		SccTeamFoundationServer = https://tfs.plainconcepts.com/tfs/plainconcepts
		SccProjectUniqueName0 = Microphone\\MicrophoneProject\\MicrophoneProjectWindowsStore.csproj
		SccProjectName0 = Microphone/MicrophoneProject
		SccAuxPath0 = https://tfs.plainconcepts.com/tfs/plainconcepts
		SccLocalPath0 = Microphone\\MicrophoneProject
		SccProvider0 = {4CA58AB2-18FA-4F8D-95D4-32DDF27D184C}
	EndGlobalSection
	GlobalSection(SolutionConfigurationPlatforms) = preSolution
		Debug|AnyCPU = Debug|AnyCPU
		Debug|ARM = Debug|ARM
		Debug|x64 = Debug|x64
		Debug|x86 = Debug|x86
		Release|AnyCPU = Release|AnyCPU
		Release|ARM = Release|ARM
		Release|x64 = Release|x64
		Release|x86 = Release|x86
	EndGlobalSection
	GlobalSection(ProjectConfigurationPlatforms) = postSolution
		{9DAE8A31-CC8C-4B49-B186-C5F572A4DB4B}.Debug|AnyCPU.ActiveCfg = Debug|Any CPU
		{9DAE8A31-CC8C-4B49-B186-C5F572A4DB4B}.Debug|AnyCPU.Build.0 = Debug|Any CPU
		{9DAE8A31-CC8C-4B49-B186-C5F572A4DB4B}.Debug|AnyCPU.Deploy.0 = Debug|Any CPU
		{9DAE8A31-CC8C-4B49-B186-C5F572A4DB4B}.Debug|ARM.ActiveCfg = Debug|ARM
		{9DAE8A31-CC8C-4B49-B186-C5F572A4DB4B}.Debug|ARM.Build.0 = Debug|ARM
		{9DAE8A31-CC8C-4B49-B186-C5F572A4DB4B}.Debug|ARM.Deploy.0 = Debug|ARM
		{9DAE8A31-CC8C-4B49-B186-C5F572A4DB4B}.Debug|x64.ActiveCfg = Debug|x64
		{9DAE8A31-CC8C-4B49-B186-C5F572A4DB4B}.Debug|x64.Build.0 = Debug|x64
		{9DAE8A31-CC8C-4B49-B186-C5F572A4DB4B}.Debug|x64.Deploy.0 = Debug|x64
		{9DAE8A31-CC8C-4B49-B186-C5F572A4DB4B}.Debug|x86.ActiveCfg = Debug|x86
		{9DAE8A31-CC8C-4B49-B186-C5F572A4DB4B}.Debug|x86.Build.0 = Debug|x86
		{9DAE8A31-CC8C-4B49-B186-C5F572A4DB4B}.Debug|x86.Deploy.0 = Debug|x86
		{9DAE8A31-CC8C-4B49-B186-C5F572A4DB4B}.Release|AnyCPU.ActiveCfg = Release|Any CPU
		{9DAE8A31-CC8C-4B49-B186-C5F572A4DB4B}.Release|AnyCPU.Build.0 = Release|Any CPU
		{9DAE8A31-CC8C-4B49-B186-C5F572A4DB4B}.Release|AnyCPU.Deploy.0 = Release|Any CPU
		{9DAE8A31-CC8C-4B49-B186-C5F572A4DB4B}.Release|ARM.ActiveCfg = Release|ARM
		{9DAE8A31-CC8C-4B49-B186-C5F572A4DB4B}.Release|ARM.Build.0 = Release|ARM
		{9DAE8A31-CC8C-4B49-B186-C5F572A4DB4B}.Release|ARM.Deploy.0 = Release|ARM
		{9DAE8A31-CC8C-4B49-B186-C5F572A4DB4B}.Release|x64.ActiveCfg = Release|x64
		{9DAE8A31-CC8C-4B49-B186-C5F572A4DB4B}.Release|x64.Build.0 = Release|x64
		{9DAE8A31-CC8C-4B49-B186-C5F572A4DB4B}.Release|x64.Deploy.0 = Release|x64
		{9DAE8A31-CC8C-4B49-B186-C5F572A4DB4B}.Release|x86.ActiveCfg = Release|x86
		{9DAE8A31-CC8C-4B49-B186-C5F572A4DB4B}.Release|x86.Build.0 = Release|x86
		{9DAE8A31-CC8C-4B49-B186-C5F572A4DB4B}.Release|x86.Deploy.0 = Release|x86
		{7FFD1918-A885-436E-98A3-153B28DE8135}.Debug|AnyCPU.ActiveCfg = Debug|Any CPU
		{7FFD1918-A885-436E-98A3-153B28DE8135}.Debug|AnyCPU.Build.0 = Debug|Any CPU
		{7FFD1918-A885-436E-98A3-153B28DE8135}.Debug|ARM.ActiveCfg = Debug|ARM
		{7FFD1918-A885-436E-98A3-153B28DE8135}.Debug|ARM.Build.0 = Debug|ARM
		{7FFD1918-A885-436E-98A3-153B28DE8135}.Debug|x64.ActiveCfg = Debug|x64
		{7FFD1918-A885-436E-98A3-153B28DE8135}.Debug|x64.Build.0 = Debug|x64
		{7FFD1918-A885-436E-98A3-153B28DE8135}.Debug|x86.ActiveCfg = Debug|x86
		{7FFD1918-A885-436E-98A3-153B28DE8135}.Debug|x86.Build.0 = Debug|x86
		{7FFD1918-A885-436E-98A3-153B28DE8135}.Release|AnyCPU.ActiveCfg = Release|Any CPU
		{7FFD1918-A885-436E-98A3-153B28DE8135}.Release|AnyCPU.Build.0 = Release|Any CPU
		{7FFD1918-A885-436E-98A3-153B28DE8135}.Release|ARM.ActiveCfg = Release|ARM
		{7FFD1918-A885-436E-98A3-153B28DE8135}.Release|ARM.Build.0 = Release|ARM
		{7FFD1918-A885-436E-98A3-153B28DE8135}.Release|x64.ActiveCfg = Release|x64
		{7FFD1918-A885-436E-98A3-153B28DE8135}.Release|x64.Build.0 = Release|x64
		{7FFD1918-A885-436E-98A3-153B28DE8135}.Release|x86.ActiveCfg = Release|x86
		{7FFD1918-A885-436E-98A3-153B28DE8135}.Release|x86.Build.0 = Release|x86
	EndGlobalSection
	GlobalSection(SolutionProperties) = preSolution
		HideSolutionNode = FALSE
	EndGlobalSection
	GlobalSection(SpecExplorer.ActivityCompletionStatus) = preSolution
		SpecExplorer.ActivityCompletionStatus = 
	EndGlobalSection
EndGlobal
