
Microsoft Visual Studio Solution File, Format Version 11.00
# Visual Studio 2010
Project("{FAE04EC0-301F-11D3-BF4B-00C04F79EFBC}") = "Launcher", "LauncherWP7\Launcher.csproj", "{1BA21ECF-5ED7-4732-8AEC-315520A7E058}" 
EndProject
Project("{FAE04EC0-301F-11D3-BF4B-00C04F79EFBC}") = "MicrophoneProjectWP7", "Microphone\MicrophoneProject\MicrophoneProjectWP7.csproj", "{7FFD1918-A885-436E-98A3-153B28DE8135}" 
EndProject
Global
	GlobalSection(SolutionConfigurationPlatforms) = preSolution
		Debug|Windows Phone = Debug|Windows Phone
		Release|Windows Phone = Release|Windows Phone
	EndGlobalSection
	GlobalSection(ProjectConfigurationPlatforms) = postSolution
		{7FFD1918-A885-436E-98A3-153B28DE8135}.Debug|Windows Phone.ActiveCfg = Debug|Windows Phone
		{7FFD1918-A885-436E-98A3-153B28DE8135}.Debug|Windows Phone.Build.0 = Debug|Windows Phone
		{7FFD1918-A885-436E-98A3-153B28DE8135}.Release|Windows Phone.ActiveCfg = Release|Windows Phone
		{7FFD1918-A885-436E-98A3-153B28DE8135}.Release|Windows Phone.Build.0 = Release|Windows Phone
		{1BA21ECF-5ED7-4732-8AEC-315520A7E058}.Debug|Windows Phone.ActiveCfg = Debug|Windows Phone
		{1BA21ECF-5ED7-4732-8AEC-315520A7E058}.Debug|Windows Phone.Build.0 = Debug|Windows Phone
		{1BA21ECF-5ED7-4732-8AEC-315520A7E058}.Debug|Windows Phone.Deploy.0 = Debug|Windows Phone
		{1BA21ECF-5ED7-4732-8AEC-315520A7E058}.Release|Windows Phone.ActiveCfg = Release|Windows Phone
		{1BA21ECF-5ED7-4732-8AEC-315520A7E058}.Release|Windows Phone.Build.0 = Release|Windows Phone
		{1BA21ECF-5ED7-4732-8AEC-315520A7E058}.Release|Windows Phone.Deploy.0 = Release|Windows Phone
	EndGlobalSection
	GlobalSection(SolutionProperties) = preSolution
		HideSolutionNode = FALSE
	EndGlobalSection
	GlobalSection(SpecExplorer.ActivityCompletionStatus) = preSolution
		SpecExplorer.ActivityCompletionStatus = 
	EndGlobalSection
EndGlobal

