
Microsoft Visual Studio Solution File, Format Version 11.00
# Visual Studio 2010
Project("{D954291E-2A0B-460D-934E-DC6B0785DB48}") = "TransitionSource", "SharedSource\Main\TransitionSource.shproj", "{846D34C8-E537-4DC7-B646-CFF649CE42E4}"
EndProject
Project("{FAE04EC0-301F-11D3-BF4B-00C04F79EFBC}") = "Transition", "Launchers\MacOS\Transition.csproj", "{F3CC4527-43AF-41CB-94C1-BFF310D5726A}"
EndProject
Global
	GlobalSection(SolutionConfigurationPlatforms) = preSolution
		Debug|Any CPU = Debug|Any CPU
		Release|Any CPU = Release|Any CPU
		AppStore|Any CPU = AppStore|Any CPU
	EndGlobalSection
	GlobalSection(ProjectConfigurationPlatforms) = postSolution
		{F3CC4527-43AF-41CB-94C1-BFF310D5726A}.AppStore|Any CPU.ActiveCfg = AppStore|Any CPU
		{F3CC4527-43AF-41CB-94C1-BFF310D5726A}.AppStore|Any CPU.Build.0 = AppStore|Any CPU
		{F3CC4527-43AF-41CB-94C1-BFF310D5726A}.Debug|Any CPU.ActiveCfg = Debug|Any CPU
		{F3CC4527-43AF-41CB-94C1-BFF310D5726A}.Debug|Any CPU.Build.0 = Debug|Any CPU
		{F3CC4527-43AF-41CB-94C1-BFF310D5726A}.Release|Any CPU.ActiveCfg = Release|Any CPU
		{F3CC4527-43AF-41CB-94C1-BFF310D5726A}.Release|Any CPU.Build.0 = Release|Any CPU
	EndGlobalSection
	GlobalSection(SolutionProperties) = preSolution
		HideSolutionNode = FALSE
	EndGlobalSection
	GlobalSection(SpecExplorer.ActivityCompletionStatus) = preSolution
		SpecExplorer.ActivityCompletionStatus = 
	EndGlobalSection
EndGlobal
