
Microsoft Visual Studio Solution File, Format Version 12.00
# Visual Studio 2012
Project("{FAE04EC0-301F-11D3-BF4B-00C04F79EFBC}") = "Jenga", "Jenga\Jenga\Jenga.csproj", "{225778EB-523F-4CAF-8583-4817296987D0}"
EndProject
Project("{FAE04EC0-301F-11D3-BF4B-00C04F79EFBC}") = "JengaProject", "Jenga\JengaProject\JengaProject.csproj", "{3D0FFE9D-6DED-44CC-B238-44F77F182666}"
EndProject
Global
	
	GlobalSection(SolutionConfigurationPlatforms) = preSolution
		Debug|Any CPU = Debug|Any CPU
		Debug|Mixed Platforms = Debug|Mixed Platforms
		Debug|x86 = Debug|x86
		Release|Any CPU = Release|Any CPU
		Release|Mixed Platforms = Release|Mixed Platforms
		Release|x86 = Release|x86
	EndGlobalSection
	GlobalSection(ProjectConfigurationPlatforms) = postSolution
		{225778EB-523F-4CAF-8583-4817296987D0}.Debug|Any CPU.ActiveCfg = Debug|x86
		{225778EB-523F-4CAF-8583-4817296987D0}.Debug|Mixed Platforms.ActiveCfg = Debug|x86
		{225778EB-523F-4CAF-8583-4817296987D0}.Debug|Mixed Platforms.Build.0 = Debug|x86
		{225778EB-523F-4CAF-8583-4817296987D0}.Debug|x86.ActiveCfg = Debug|x86
		{225778EB-523F-4CAF-8583-4817296987D0}.Debug|x86.Build.0 = Debug|x86
		{225778EB-523F-4CAF-8583-4817296987D0}.Release|Any CPU.ActiveCfg = Release|x86
		{225778EB-523F-4CAF-8583-4817296987D0}.Release|Mixed Platforms.ActiveCfg = Release|x86
		{225778EB-523F-4CAF-8583-4817296987D0}.Release|Mixed Platforms.Build.0 = Release|x86
		{225778EB-523F-4CAF-8583-4817296987D0}.Release|x86.ActiveCfg = Release|x86
		{225778EB-523F-4CAF-8583-4817296987D0}.Release|x86.Build.0 = Release|x86
		{3D0FFE9D-6DED-44CC-B238-44F77F182666}.Debug|Any CPU.ActiveCfg = Debug|x86
		{3D0FFE9D-6DED-44CC-B238-44F77F182666}.Debug|Mixed Platforms.ActiveCfg = Debug|x86
		{3D0FFE9D-6DED-44CC-B238-44F77F182666}.Debug|Mixed Platforms.Build.0 = Debug|x86
		{3D0FFE9D-6DED-44CC-B238-44F77F182666}.Debug|x86.ActiveCfg = Debug|x86
		{3D0FFE9D-6DED-44CC-B238-44F77F182666}.Debug|x86.Build.0 = Debug|x86
		{3D0FFE9D-6DED-44CC-B238-44F77F182666}.Release|Any CPU.ActiveCfg = Release|x86
		{3D0FFE9D-6DED-44CC-B238-44F77F182666}.Release|Mixed Platforms.ActiveCfg = Release|x86
		{3D0FFE9D-6DED-44CC-B238-44F77F182666}.Release|Mixed Platforms.Build.0 = Release|x86
		{3D0FFE9D-6DED-44CC-B238-44F77F182666}.Release|x86.ActiveCfg = Release|x86
		{3D0FFE9D-6DED-44CC-B238-44F77F182666}.Release|x86.Build.0 = Release|x86
	EndGlobalSection
	GlobalSection(SolutionProperties) = preSolution
		HideSolutionNode = FALSE
	EndGlobalSection
EndGlobal
