
Microsoft Visual Studio Solution File, Format Version 12.00
# Blend for Visual Studio 15
VisualStudioVersion = 15.0.27703.2035
MinimumVisualStudioVersion = 10.0.40219.1
Project("{FAE04EC0-301F-11D3-BF4B-00C04F79EFBC}") = "Panels", "Launchers\Panels\Panels.csproj", "{03A565A7-65D8-4858-A0E5-E871F36744F1}"
EndProject
Project("{D954291E-2A0B-460D-934E-DC6B0785DB48}") = "Panels.Shared", "SharedSource\Panels\Panels.Shared.shproj", "{846D34C8-E537-4DC7-B646-CF654DCE42E4}"
EndProject
Global
	GlobalSection(SharedMSBuildProjectFiles) = preSolution
		SharedSource\Panels\Panels.Shared.projitems*{03a565a7-65d8-4858-a0e5-e871f36744f1}*SharedItemsImports = 4
		SharedSource\Panels\Panels.Shared.projitems*{846d34c8-e537-4dc7-b646-cf654dce42e4}*SharedItemsImports = 13
	EndGlobalSection
	GlobalSection(SolutionConfigurationPlatforms) = preSolution
		Debug|Any CPU = Debug|Any CPU
		Release|Any CPU = Release|Any CPU
	EndGlobalSection
	GlobalSection(ProjectConfigurationPlatforms) = postSolution
		{03A565A7-65D8-4858-A0E5-E871F36744F1}.Debug|Any CPU.ActiveCfg = Debug|Any CPU
		{03A565A7-65D8-4858-A0E5-E871F36744F1}.Debug|Any CPU.Build.0 = Debug|Any CPU
		{03A565A7-65D8-4858-A0E5-E871F36744F1}.Release|Any CPU.ActiveCfg = Release|Any CPU
		{03A565A7-65D8-4858-A0E5-E871F36744F1}.Release|Any CPU.Build.0 = Release|Any CPU
	EndGlobalSection
	GlobalSection(SolutionProperties) = preSolution
		HideSolutionNode = FALSE
	EndGlobalSection
	GlobalSection(ExtensibilityGlobals) = postSolution
		SolutionGuid = {0EF5D07A-8809-4831-85A6-FCBA4AD31F2C}
	EndGlobalSection
EndGlobal
