
Microsoft Visual Studio Solution File, Format Version 12.00
# Visual Studio 2012
Project("{FAE04EC0-301F-11D3-BF4B-00C04F79EFBC}") = "CollisionCategories", "CollisionCategories\CollisionCategories\CollisionCategories.csproj", "{3F39D977-D67D-4C01-BFD3-9808FB4D277C}"
EndProject
Project("{FAE04EC0-301F-11D3-BF4B-00C04F79EFBC}") = "CollisionCategoriesProject", "CollisionCategories\CollisionCategoriesProject\CollisionCategoriesProject.csproj", "{0FFA60D3-BE7D-49AF-91D8-1667619449C4}"
EndProject
Global
	
	GlobalSection(SolutionConfigurationPlatforms) = preSolution
		Debug|x86 = Debug|x86
		Release|x86 = Release|x86
	EndGlobalSection
	GlobalSection(ProjectConfigurationPlatforms) = postSolution
		{3F39D977-D67D-4C01-BFD3-9808FB4D277C}.Debug|x86.ActiveCfg = Debug|x86
		{3F39D977-D67D-4C01-BFD3-9808FB4D277C}.Debug|x86.Build.0 = Debug|x86
		{3F39D977-D67D-4C01-BFD3-9808FB4D277C}.Release|x86.ActiveCfg = Release|x86
		{3F39D977-D67D-4C01-BFD3-9808FB4D277C}.Release|x86.Build.0 = Release|x86
		{0FFA60D3-BE7D-49AF-91D8-1667619449C4}.Debug|x86.ActiveCfg = Debug|x86
		{0FFA60D3-BE7D-49AF-91D8-1667619449C4}.Debug|x86.Build.0 = Debug|x86
		{0FFA60D3-BE7D-49AF-91D8-1667619449C4}.Release|x86.ActiveCfg = Release|x86
	EndGlobalSection
	GlobalSection(SolutionProperties) = preSolution
		HideSolutionNode = FALSE
	EndGlobalSection
EndGlobal
