
Microsoft Visual Studio Solution File, Format Version 12.00
# Visual Studio 2012
Project("{FAE04EC0-301F-11D3-BF4B-00C04F79EFBC}") = "PathCamera", "PathCamera\PathCamera\PathCamera.csproj", "{7C8CB5AA-0B72-4DEA-AAF8-0FA1EE854E5D}"
EndProject
Project("{FAE04EC0-301F-11D3-BF4B-00C04F79EFBC}") = "PathCameraProject", "PathCamera\PathCameraProject\PathCameraProject.csproj", "{00B95563-FFBA-41D4-8E7A-3F656272FB76}"
EndProject
Global
	
	GlobalSection(SolutionConfigurationPlatforms) = preSolution
		Debug|Any CPU = Debug|Any CPU
		Debug|Mixed Platforms = Debug|Mixed Platforms
		Debug|x86 = Debug|x86
		Release|Any CPU = Release|Any CPU
		Release|Mixed Platforms = Release|Mixed Platforms
		Release|x86 = Release|x86
	EndGlobalSection
	GlobalSection(ProjectConfigurationPlatforms) = postSolution
		{7C8CB5AA-0B72-4DEA-AAF8-0FA1EE854E5D}.Debug|Any CPU.ActiveCfg = Debug|x86
		{7C8CB5AA-0B72-4DEA-AAF8-0FA1EE854E5D}.Debug|Mixed Platforms.ActiveCfg = Debug|x86
		{7C8CB5AA-0B72-4DEA-AAF8-0FA1EE854E5D}.Debug|Mixed Platforms.Build.0 = Debug|x86
		{7C8CB5AA-0B72-4DEA-AAF8-0FA1EE854E5D}.Debug|x86.ActiveCfg = Debug|x86
		{7C8CB5AA-0B72-4DEA-AAF8-0FA1EE854E5D}.Debug|x86.Build.0 = Debug|x86
		{7C8CB5AA-0B72-4DEA-AAF8-0FA1EE854E5D}.Release|Any CPU.ActiveCfg = Release|x86
		{7C8CB5AA-0B72-4DEA-AAF8-0FA1EE854E5D}.Release|Mixed Platforms.ActiveCfg = Release|x86
		{7C8CB5AA-0B72-4DEA-AAF8-0FA1EE854E5D}.Release|Mixed Platforms.Build.0 = Release|x86
		{7C8CB5AA-0B72-4DEA-AAF8-0FA1EE854E5D}.Release|x86.ActiveCfg = Release|x86
		{7C8CB5AA-0B72-4DEA-AAF8-0FA1EE854E5D}.Release|x86.Build.0 = Release|x86
		{00B95563-FFBA-41D4-8E7A-3F656272FB76}.Debug|Any CPU.ActiveCfg = Debug|x86
		{00B95563-FFBA-41D4-8E7A-3F656272FB76}.Debug|Mixed Platforms.ActiveCfg = Debug|x86
		{00B95563-FFBA-41D4-8E7A-3F656272FB76}.Debug|Mixed Platforms.Build.0 = Debug|x86
		{00B95563-FFBA-41D4-8E7A-3F656272FB76}.Debug|x86.ActiveCfg = Debug|x86
		{00B95563-FFBA-41D4-8E7A-3F656272FB76}.Debug|x86.Build.0 = Debug|x86
		{00B95563-FFBA-41D4-8E7A-3F656272FB76}.Release|Any CPU.ActiveCfg = Release|x86
		{00B95563-FFBA-41D4-8E7A-3F656272FB76}.Release|Mixed Platforms.ActiveCfg = Release|x86
		{00B95563-FFBA-41D4-8E7A-3F656272FB76}.Release|Mixed Platforms.Build.0 = Release|x86
		{00B95563-FFBA-41D4-8E7A-3F656272FB76}.Release|x86.ActiveCfg = Release|x86
		{00B95563-FFBA-41D4-8E7A-3F656272FB76}.Release|x86.Build.0 = Release|x86
	EndGlobalSection
	GlobalSection(SolutionProperties) = preSolution
		HideSolutionNode = FALSE
	EndGlobalSection
EndGlobal
