
Microsoft Visual Studio Solution File, Format Version 12.00
# Visual Studio 2012
Project("{FAE04EC0-301F-11D3-BF4B-00C04F79EFBC}") = "PlatformGameDemo", "PlatformGameDemo\PlatformGameDemo\PlatformGameDemo.csproj", "{F4943C53-46C8-40AB-934A-500DAF26F08A}"
EndProject
Project("{FAE04EC0-301F-11D3-BF4B-00C04F79EFBC}") = "PlatformGameDemoProject", "PlatformGameDemo\PlatformGameDemoProject\PlatformGameDemoProject.csproj", "{95211FAC-EC0C-4F35-8BFC-4FE745F46020}"
EndProject
Global
	
	GlobalSection(SolutionConfigurationPlatforms) = preSolution
		Debug|x86 = Debug|x86
		Release|x86 = Release|x86
	EndGlobalSection
	GlobalSection(ProjectConfigurationPlatforms) = postSolution
		{F4943C53-46C8-40AB-934A-500DAF26F08A}.Debug|x86.ActiveCfg = Debug|x86
		{F4943C53-46C8-40AB-934A-500DAF26F08A}.Debug|x86.Build.0 = Debug|x86
		{F4943C53-46C8-40AB-934A-500DAF26F08A}.Release|x86.ActiveCfg = Release|x86
		{F4943C53-46C8-40AB-934A-500DAF26F08A}.Release|x86.Build.0 = Release|x86
		{95211FAC-EC0C-4F35-8BFC-4FE745F46020}.Debug|x86.ActiveCfg = Debug|x86
		{95211FAC-EC0C-4F35-8BFC-4FE745F46020}.Debug|x86.Build.0 = Debug|x86
		{95211FAC-EC0C-4F35-8BFC-4FE745F46020}.Release|x86.ActiveCfg = Release|x86
	EndGlobalSection
	GlobalSection(SolutionProperties) = preSolution
		HideSolutionNode = FALSE
	EndGlobalSection
EndGlobal
