
Microsoft Visual Studio Solution File, Format Version 12.00
# Visual Studio 2012
Project("{FAE04EC0-301F-11D3-BF4B-00C04F79EFBC}") = "IsisTemple", "IsisTemple\IsisTemple\IsisTemple.csproj", "{1A9947A7-950B-4703-BF17-B1BA842DBB06}"
EndProject
Project("{FAE04EC0-301F-11D3-BF4B-00C04F79EFBC}") = "IsisTempleProject", "IsisTemple\IsisTempleProject\IsisTempleProject.csproj", "{3C46652E-B012-4CDF-9B90-1932AAF23CA7}"
EndProject
Global
	
	GlobalSection(SolutionConfigurationPlatforms) = preSolution
		Debug|Any CPU = Debug|Any CPU
		Debug|x86 = Debug|x86
		Release|Any CPU = Release|Any CPU
		Release|x86 = Release|x86
	EndGlobalSection
	GlobalSection(ProjectConfigurationPlatforms) = postSolution
		{1A9947A7-950B-4703-BF17-B1BA842DBB06}.Debug|Any CPU.ActiveCfg = Debug|x86
		{1A9947A7-950B-4703-BF17-B1BA842DBB06}.Debug|Any CPU.Build.0 = Debug|x86
		{1A9947A7-950B-4703-BF17-B1BA842DBB06}.Debug|x86.ActiveCfg = Debug|x86
		{1A9947A7-950B-4703-BF17-B1BA842DBB06}.Debug|x86.Build.0 = Debug|x86
		{1A9947A7-950B-4703-BF17-B1BA842DBB06}.Release|Any CPU.ActiveCfg = Release|Any CPU
		{1A9947A7-950B-4703-BF17-B1BA842DBB06}.Release|Any CPU.Build.0 = Release|Any CPU
		{1A9947A7-950B-4703-BF17-B1BA842DBB06}.Release|x86.ActiveCfg = Release|x86
		{1A9947A7-950B-4703-BF17-B1BA842DBB06}.Release|x86.Build.0 = Release|x86
		{3C46652E-B012-4CDF-9B90-1932AAF23CA7}.Debug|Any CPU.ActiveCfg = Debug|x86
		{3C46652E-B012-4CDF-9B90-1932AAF23CA7}.Debug|Any CPU.Build.0 = Debug|x86
		{3C46652E-B012-4CDF-9B90-1932AAF23CA7}.Debug|x86.ActiveCfg = Debug|x86
		{3C46652E-B012-4CDF-9B90-1932AAF23CA7}.Debug|x86.Build.0 = Debug|x86
		{3C46652E-B012-4CDF-9B90-1932AAF23CA7}.Release|Any CPU.ActiveCfg = Release|x86
		{3C46652E-B012-4CDF-9B90-1932AAF23CA7}.Release|x86.ActiveCfg = Release|x86
		{3C46652E-B012-4CDF-9B90-1932AAF23CA7}.Release|x86.Build.0 = Release|x86
	EndGlobalSection
	GlobalSection(SolutionProperties) = preSolution
		HideSolutionNode = FALSE
	EndGlobalSection
EndGlobal
