Microsoft Visual Studio Solution File, Format Version 12.00
# Visual Studio 14
VisualStudioVersion = 14.0.25420.1
MinimumVisualStudioVersion = 10.0.40219.1
Project("{D954291E-2A0B-460D-934E-DC6B0785DB48}") = "XamarinFormsProfileSampleSource", "SharedSource\Main\XamarinFormsProfileSampleSource.shproj", "{846D34C8-E537-4DC7-B646-CFF649CE42E4}"
EndProject
Project("{D954291E-2A0B-460D-934E-DC6B0785DB48}") = "XamarinFormsProfileSampleXamarinForms", "Launchers\ProfileXamarinForms\XamarinFormsProfileSampleXamarinForms.shproj", "{3F6FB4B0-B14A-454D-A895-A3A7685ECB9F}"
EndProject
Project("{FAE04EC0-301F-11D3-BF4B-00C04F79EFBC}") = "XamarinFormsProfileSample", "Launchers\UWPProfile\XamarinFormsProfileSample.csproj", "{41DF8CED-881D-4422-AE36-B3EEA4394FEE}"
EndProject
Global
	GlobalSection(SharedMSBuildProjectFiles) = preSolution
		Launchers\ProfileXamarinForms\XamarinFormsProfileSampleXamarinForms.projitems*{3f6fb4b0-b14a-454d-a895-a3a7685ecb9f}*SharedItemsImports = 13
		Launchers\ProfileXamarinForms\XamarinFormsProfileSampleXamarinForms.projitems*{41df8ced-881d-4422-ae36-b3eea4394fee}*SharedItemsImports = 4
		SharedSource\Main\XamarinFormsProfileSampleSource.projitems*{41df8ced-881d-4422-ae36-b3eea4394fee}*SharedItemsImports = 4
		SharedSource\Main\XamarinFormsProfileSampleSource.projitems*{846d34c8-e537-4dc7-b646-cff649ce42e4}*SharedItemsImports = 13
	EndGlobalSection
	GlobalSection(SolutionConfigurationPlatforms) = preSolution
		Ad-Hoc|Any CPU = Ad-Hoc|Any CPU
		Ad-Hoc|ARM = Ad-Hoc|ARM
		Ad-Hoc|iPhone = Ad-Hoc|iPhone
		Ad-Hoc|iPhoneSimulator = Ad-Hoc|iPhoneSimulator
		Ad-Hoc|x64 = Ad-Hoc|x64
		Ad-Hoc|x86 = Ad-Hoc|x86
		AppStore|Any CPU = AppStore|Any CPU
		AppStore|ARM = AppStore|ARM
		AppStore|iPhone = AppStore|iPhone
		AppStore|iPhoneSimulator = AppStore|iPhoneSimulator
		AppStore|x64 = AppStore|x64
		AppStore|x86 = AppStore|x86
		Debug|Any CPU = Debug|Any CPU
		Debug|ARM = Debug|ARM
		Debug|iPhone = Debug|iPhone
		Debug|iPhoneSimulator = Debug|iPhoneSimulator
		Debug|x64 = Debug|x64
		Debug|x86 = Debug|x86
		Release|Any CPU = Release|Any CPU
		Release|ARM = Release|ARM
		Release|iPhone = Release|iPhone
		Release|iPhoneSimulator = Release|iPhoneSimulator
		Release|x64 = Release|x64
		Release|x86 = Release|x86
	EndGlobalSection
	GlobalSection(ProjectConfigurationPlatforms) = postSolution
		{41DF8CED-881D-4422-AE36-B3EEA4394FEE}.Ad-Hoc|Any CPU.ActiveCfg = Release|x86
		{41DF8CED-881D-4422-AE36-B3EEA4394FEE}.Ad-Hoc|Any CPU.Build.0 = Release|x86
		{41DF8CED-881D-4422-AE36-B3EEA4394FEE}.Ad-Hoc|Any CPU.Deploy.0 = Release|x86
		{41DF8CED-881D-4422-AE36-B3EEA4394FEE}.Ad-Hoc|ARM.ActiveCfg = Release|ARM
		{41DF8CED-881D-4422-AE36-B3EEA4394FEE}.Ad-Hoc|ARM.Build.0 = Release|ARM
		{41DF8CED-881D-4422-AE36-B3EEA4394FEE}.Ad-Hoc|ARM.Deploy.0 = Release|ARM
		{41DF8CED-881D-4422-AE36-B3EEA4394FEE}.Ad-Hoc|iPhone.ActiveCfg = Release|x86
		{41DF8CED-881D-4422-AE36-B3EEA4394FEE}.Ad-Hoc|iPhone.Build.0 = Release|x86
		{41DF8CED-881D-4422-AE36-B3EEA4394FEE}.Ad-Hoc|iPhone.Deploy.0 = Release|x86
		{41DF8CED-881D-4422-AE36-B3EEA4394FEE}.Ad-Hoc|iPhoneSimulator.ActiveCfg = Release|x86
		{41DF8CED-881D-4422-AE36-B3EEA4394FEE}.Ad-Hoc|iPhoneSimulator.Build.0 = Release|x86
		{41DF8CED-881D-4422-AE36-B3EEA4394FEE}.Ad-Hoc|iPhoneSimulator.Deploy.0 = Release|x86
		{41DF8CED-881D-4422-AE36-B3EEA4394FEE}.Ad-Hoc|x64.ActiveCfg = Release|x64
		{41DF8CED-881D-4422-AE36-B3EEA4394FEE}.Ad-Hoc|x64.Build.0 = Release|x64
		{41DF8CED-881D-4422-AE36-B3EEA4394FEE}.Ad-Hoc|x64.Deploy.0 = Release|x64
		{41DF8CED-881D-4422-AE36-B3EEA4394FEE}.Ad-Hoc|x86.ActiveCfg = Release|x86
		{41DF8CED-881D-4422-AE36-B3EEA4394FEE}.Ad-Hoc|x86.Build.0 = Release|x86
		{41DF8CED-881D-4422-AE36-B3EEA4394FEE}.Ad-Hoc|x86.Deploy.0 = Release|x86
		{41DF8CED-881D-4422-AE36-B3EEA4394FEE}.AppStore|Any CPU.ActiveCfg = Release|x86
		{41DF8CED-881D-4422-AE36-B3EEA4394FEE}.AppStore|Any CPU.Build.0 = Release|x86
		{41DF8CED-881D-4422-AE36-B3EEA4394FEE}.AppStore|Any CPU.Deploy.0 = Release|x86
		{41DF8CED-881D-4422-AE36-B3EEA4394FEE}.AppStore|ARM.ActiveCfg = Release|ARM
		{41DF8CED-881D-4422-AE36-B3EEA4394FEE}.AppStore|ARM.Build.0 = Release|ARM
		{41DF8CED-881D-4422-AE36-B3EEA4394FEE}.AppStore|ARM.Deploy.0 = Release|ARM
		{41DF8CED-881D-4422-AE36-B3EEA4394FEE}.AppStore|iPhone.ActiveCfg = Release|x86
		{41DF8CED-881D-4422-AE36-B3EEA4394FEE}.AppStore|iPhone.Build.0 = Release|x86
		{41DF8CED-881D-4422-AE36-B3EEA4394FEE}.AppStore|iPhone.Deploy.0 = Release|x86
		{41DF8CED-881D-4422-AE36-B3EEA4394FEE}.AppStore|iPhoneSimulator.ActiveCfg = Release|x86
		{41DF8CED-881D-4422-AE36-B3EEA4394FEE}.AppStore|iPhoneSimulator.Build.0 = Release|x86
		{41DF8CED-881D-4422-AE36-B3EEA4394FEE}.AppStore|iPhoneSimulator.Deploy.0 = Release|x86
		{41DF8CED-881D-4422-AE36-B3EEA4394FEE}.AppStore|x64.ActiveCfg = Release|x64
		{41DF8CED-881D-4422-AE36-B3EEA4394FEE}.AppStore|x64.Build.0 = Release|x64
		{41DF8CED-881D-4422-AE36-B3EEA4394FEE}.AppStore|x64.Deploy.0 = Release|x64
		{41DF8CED-881D-4422-AE36-B3EEA4394FEE}.AppStore|x86.ActiveCfg = Release|x86
		{41DF8CED-881D-4422-AE36-B3EEA4394FEE}.AppStore|x86.Build.0 = Release|x86
		{41DF8CED-881D-4422-AE36-B3EEA4394FEE}.AppStore|x86.Deploy.0 = Release|x86
		{41DF8CED-881D-4422-AE36-B3EEA4394FEE}.Debug|Any CPU.ActiveCfg = Debug|x86
		{41DF8CED-881D-4422-AE36-B3EEA4394FEE}.Debug|Any CPU.Build.0 = Debug|x86
		{41DF8CED-881D-4422-AE36-B3EEA4394FEE}.Debug|Any CPU.Deploy.0 = Debug|x86
		{41DF8CED-881D-4422-AE36-B3EEA4394FEE}.Debug|ARM.ActiveCfg = Debug|ARM
		{41DF8CED-881D-4422-AE36-B3EEA4394FEE}.Debug|ARM.Build.0 = Debug|ARM
		{41DF8CED-881D-4422-AE36-B3EEA4394FEE}.Debug|ARM.Deploy.0 = Debug|ARM
		{41DF8CED-881D-4422-AE36-B3EEA4394FEE}.Debug|iPhone.ActiveCfg = Debug|x86
		{41DF8CED-881D-4422-AE36-B3EEA4394FEE}.Debug|iPhoneSimulator.ActiveCfg = Debug|x86
		{41DF8CED-881D-4422-AE36-B3EEA4394FEE}.Debug|x64.ActiveCfg = Debug|x64
		{41DF8CED-881D-4422-AE36-B3EEA4394FEE}.Debug|x64.Build.0 = Debug|x64
		{41DF8CED-881D-4422-AE36-B3EEA4394FEE}.Debug|x64.Deploy.0 = Debug|x64
		{41DF8CED-881D-4422-AE36-B3EEA4394FEE}.Debug|x86.ActiveCfg = Debug|x86
		{41DF8CED-881D-4422-AE36-B3EEA4394FEE}.Debug|x86.Build.0 = Debug|x86
		{41DF8CED-881D-4422-AE36-B3EEA4394FEE}.Debug|x86.Deploy.0 = Debug|x86
		{41DF8CED-881D-4422-AE36-B3EEA4394FEE}.Release|Any CPU.ActiveCfg = Release|x86
		{41DF8CED-881D-4422-AE36-B3EEA4394FEE}.Release|ARM.ActiveCfg = Release|ARM
		{41DF8CED-881D-4422-AE36-B3EEA4394FEE}.Release|ARM.Build.0 = Release|ARM
		{41DF8CED-881D-4422-AE36-B3EEA4394FEE}.Release|ARM.Deploy.0 = Release|ARM
		{41DF8CED-881D-4422-AE36-B3EEA4394FEE}.Release|iPhone.ActiveCfg = Release|x86
		{41DF8CED-881D-4422-AE36-B3EEA4394FEE}.Release|iPhoneSimulator.ActiveCfg = Release|x86
		{41DF8CED-881D-4422-AE36-B3EEA4394FEE}.Release|x64.ActiveCfg = Release|x64
		{41DF8CED-881D-4422-AE36-B3EEA4394FEE}.Release|x64.Build.0 = Release|x64
		{41DF8CED-881D-4422-AE36-B3EEA4394FEE}.Release|x64.Deploy.0 = Release|x64
		{41DF8CED-881D-4422-AE36-B3EEA4394FEE}.Release|x86.ActiveCfg = Release|x86
		{41DF8CED-881D-4422-AE36-B3EEA4394FEE}.Release|x86.Build.0 = Release|x86
		{41DF8CED-881D-4422-AE36-B3EEA4394FEE}.Release|x86.Deploy.0 = Release|x86
	EndGlobalSection
	GlobalSection(SolutionProperties) = preSolution
		HideSolutionNode = FALSE
	EndGlobalSection
EndGlobal
