
Microsoft Visual Studio Solution File, Format Version 12.00
# Visual Studio 2012
Project("{FAE04EC0-301F-11D3-BF4B-00C04F79EFBC}") = "Lighting", "Lighting\Lighting\Lighting.csproj", "{89C69D14-6866-4AD4-A574-ADB8191ABCA6}"
EndProject
Project("{FAE04EC0-301F-11D3-BF4B-00C04F79EFBC}") = "LightingProject", "Lighting\LightingProject\LightingProject.csproj", "{53303981-980C-40E4-8E1C-2C93ED1E8E28}"
EndProject
Global
	
	GlobalSection(SolutionConfigurationPlatforms) = preSolution
		Debug|x86 = Debug|x86
		Release|x86 = Release|x86
	EndGlobalSection
	GlobalSection(ProjectConfigurationPlatforms) = postSolution
		{89C69D14-6866-4AD4-A574-ADB8191ABCA6}.Debug|x86.ActiveCfg = Debug|x86
		{89C69D14-6866-4AD4-A574-ADB8191ABCA6}.Debug|x86.Build.0 = Debug|x86
		{89C69D14-6866-4AD4-A574-ADB8191ABCA6}.Release|x86.ActiveCfg = Release|x86
		{89C69D14-6866-4AD4-A574-ADB8191ABCA6}.Release|x86.Build.0 = Release|x86
		{53303981-980C-40E4-8E1C-2C93ED1E8E28}.Debug|x86.ActiveCfg = Debug|x86
		{53303981-980C-40E4-8E1C-2C93ED1E8E28}.Debug|x86.Build.0 = Debug|x86
		{53303981-980C-40E4-8E1C-2C93ED1E8E28}.Release|x86.ActiveCfg = Release|x86
	EndGlobalSection
	GlobalSection(SolutionProperties) = preSolution
		HideSolutionNode = FALSE
	EndGlobalSection
EndGlobal
