Microsoft Visual Studio Solution File, Format Version 12.00
# Visual Studio 15
VisualStudioVersion = 15.0.27703.2035
MinimumVisualStudioVersion = 10.0.40219.1
Project("{D954291E-2A0B-460D-934E-DC6B0785DB48}") = "CardboardCockpitSource", "SharedSource\Main\CardboardCockpitSource.shproj", "{846D34C8-E537-4DC7-B646-CFF649CE42E4}"
EndProject
Project("{FAE04EC0-301F-11D3-BF4B-00C04F79EFBC}") = "CardboardCockpit", "Launchers\MacOS\CardboardCockpit.csproj", "{F3CC4527-43AF-41CB-94C1-BFF310D5726A}"
EndProject
Global
	GlobalSection(SharedMSBuildProjectFiles) = preSolution
		SharedSource\Main\CardboardCockpitSource.projitems*{846d34c8-e537-4dc7-b646-cff649ce42e4}*SharedItemsImports = 13
		SharedSource\Main\CardboardCockpitSource.projitems*{f3cc4527-43af-41cb-94c1-bff310d5726a}*SharedItemsImports = 4
	EndGlobalSection
	GlobalSection(SolutionConfigurationPlatforms) = preSolution
		AppStore|Any CPU = AppStore|Any CPU
		Debug|Any CPU = Debug|Any CPU
		Release|Any CPU = Release|Any CPU
	EndGlobalSection
	GlobalSection(ProjectConfigurationPlatforms) = postSolution
		{F3CC4527-43AF-41CB-94C1-BFF310D5726A}.AppStore|Any CPU.ActiveCfg = Release|Any CPU
		{F3CC4527-43AF-41CB-94C1-BFF310D5726A}.AppStore|Any CPU.Build.0 = Release|Any CPU
		{F3CC4527-43AF-41CB-94C1-BFF310D5726A}.Debug|Any CPU.ActiveCfg = Debug|Any CPU
		{F3CC4527-43AF-41CB-94C1-BFF310D5726A}.Debug|Any CPU.Build.0 = Debug|Any CPU
		{F3CC4527-43AF-41CB-94C1-BFF310D5726A}.Release|Any CPU.ActiveCfg = Release|Any CPU
		{F3CC4527-43AF-41CB-94C1-BFF310D5726A}.Release|Any CPU.Build.0 = Release|Any CPU
	EndGlobalSection
	GlobalSection(SolutionProperties) = preSolution
		HideSolutionNode = FALSE
	EndGlobalSection
	GlobalSection(ExtensibilityGlobals) = postSolution
		SolutionGuid = {75949F2A-6A02-42EC-BA8B-FDCDBDB47D1A}
	EndGlobalSection
	GlobalSection(SpecExplorer.ActivityCompletionStatus) = preSolution
		SpecExplorer.ActivityCompletionStatus = 
	EndGlobalSection
EndGlobal
